PODS:
  - Flutter (1.0.0)
  - here_sdk (4.5.1.0.3322.nightly):
    - Flutter

DEPENDENCIES:
  - Flutter (from `Flutter`)
  - here_sdk (from `.symlinks/plugins/here_sdk/ios`)

EXTERNAL SOURCES:
  Flutter:
    :path: Flutter
  here_sdk:
    :path: ".symlinks/plugins/here_sdk/ios"

SPEC CHECKSUMS:
  Flutter: 0e3d915762c693b495b44d77113d4970485de6ec
  here_sdk: 5e39ef45942288abcd0b9fa5d91f4a79827c0874

PODFILE CHECKSUM: fcab1959fbc0528061dce4ed4f921740dc46f1e5

COCOAPODS: 1.9.3
