// !$*UTF8*$!
{
	archiveVersion = 1;
	classes = {
	};
	objectVersion = 52;
	objects = {

/* Begin PBXBuildFile section */
		C819AFAF24C81EA7006C4213 /* heresdk.xcframework in Frameworks */ = {isa = PBXBuildFile; fileRef = C819AFAE24C81EA7006C4213 /* heresdk.xcframework */; };
		C819AFB024C81EA7006C4213 /* heresdk.xcframework in Embed Frameworks */ = {isa = PBXBuildFile; fileRef = C819AFAE24C81EA7006C4213 /* heresdk.xcframework */; settings = {ATTRIBUTES = (CodeSignOnCopy, ); }; };
		C8EB5F79223FBC6F0095F3D2 /* AppDelegate.swift in Sources */ = {isa = PBXBuildFile; fileRef = C8EB5F78223FBC6F0095F3D2 /* AppDelegate.swift */; };
		C8EB5F7B223FBC6F0095F3D2 /* ViewController.swift in Sources */ = {isa = PBXBuildFile; fileRef = C8EB5F7A223FBC6F0095F3D2 /* ViewController.swift */; };
		C8EB5F7E223FBC6F0095F3D2 /* Main.storyboard in Resources */ = {isa = PBXBuildFile; fileRef = C8EB5F7C223FBC6F0095F3D2 /* Main.storyboard */; };
		C8EB5F80223FBC720095F3D2 /* Assets.xcassets in Resources */ = {isa = PBXBuildFile; fileRef = C8EB5F7F223FBC720095F3D2 /* Assets.xcassets */; };
		C8EB5F83223FBC720095F3D2 /* LaunchScreen.storyboard in Resources */ = {isa = PBXBuildFile; fileRef = C8EB5F81223FBC720095F3D2 /* LaunchScreen.storyboard */; };
		C8EB5F8B223FBCAA0095F3D2 /* PositioningExample.swift in Sources */ = {isa = PBXBuildFile; fileRef = C8EB5F8A223FBCAA0095F3D2 /* PositioningExample.swift */; };
/* End PBXBuildFile section */

/* Begin PBXCopyFilesBuildPhase section */
		C819AFB124C81EA7006C4213 /* Embed Frameworks */ = {
			isa = PBXCopyFilesBuildPhase;
			buildActionMask = 2147483647;
			dstPath = "";
			dstSubfolderSpec = 10;
			files = (
				C819AFB024C81EA7006C4213 /* heresdk.xcframework in Embed Frameworks */,
			);
			name = "Embed Frameworks";
			runOnlyForDeploymentPostprocessing = 0;
		};
/* End PBXCopyFilesBuildPhase section */

/* Begin PBXFileReference section */
		0687026224C58CFF006B6AC6 /* heresdk.framework */ = {isa = PBXFileReference; lastKnownFileType = wrapper.framework; path = heresdk.framework; sourceTree = "<group>"; };
		C819AFAE24C81EA7006C4213 /* heresdk.xcframework */ = {isa = PBXFileReference; lastKnownFileType = wrapper.xcframework; path = heresdk.xcframework; sourceTree = "<group>"; };
		C8EB5F75223FBC6F0095F3D2 /* Positioning.app */ = {isa = PBXFileReference; explicitFileType = wrapper.application; includeInIndex = 0; path = Positioning.app; sourceTree = BUILT_PRODUCTS_DIR; };
		C8EB5F78223FBC6F0095F3D2 /* AppDelegate.swift */ = {isa = PBXFileReference; lastKnownFileType = sourcecode.swift; path = AppDelegate.swift; sourceTree = "<group>"; };
		C8EB5F7A223FBC6F0095F3D2 /* ViewController.swift */ = {isa = PBXFileReference; lastKnownFileType = sourcecode.swift; path = ViewController.swift; sourceTree = "<group>"; };
		C8EB5F7D223FBC6F0095F3D2 /* Base */ = {isa = PBXFileReference; lastKnownFileType = file.storyboard; name = Base; path = Base.lproj/Main.storyboard; sourceTree = "<group>"; };
		C8EB5F7F223FBC720095F3D2 /* Assets.xcassets */ = {isa = PBXFileReference; lastKnownFileType = folder.assetcatalog; path = Assets.xcassets; sourceTree = "<group>"; };
		C8EB5F82223FBC720095F3D2 /* Base */ = {isa = PBXFileReference; lastKnownFileType = file.storyboard; name = Base; path = Base.lproj/LaunchScreen.storyboard; sourceTree = "<group>"; };
		C8EB5F84223FBC720095F3D2 /* Info.plist */ = {isa = PBXFileReference; lastKnownFileType = text.plist.xml; path = Info.plist; sourceTree = "<group>"; };
		C8EB5F8A223FBCAA0095F3D2 /* PositioningExample.swift */ = {isa = PBXFileReference; lastKnownFileType = sourcecode.swift; path = PositioningExample.swift; sourceTree = "<group>"; };
/* End PBXFileReference section */

/* Begin PBXFrameworksBuildPhase section */
		C8EB5F72223FBC6F0095F3D2 /* Frameworks */ = {
			isa = PBXFrameworksBuildPhase;
			buildActionMask = 2147483647;
			files = (
				C819AFAF24C81EA7006C4213 /* heresdk.xcframework in Frameworks */,
			);
			runOnlyForDeploymentPostprocessing = 0;
		};
/* End PBXFrameworksBuildPhase section */

/* Begin PBXGroup section */
		0667C20324B3212A000BAEAC /* Frameworks */ = {
			isa = PBXGroup;
			children = (
				C819AFAE24C81EA7006C4213 /* heresdk.xcframework */,
			);
			name = Frameworks;
			sourceTree = "<group>";
		};
		C8EB5F6C223FBC6F0095F3D2 = {
			isa = PBXGroup;
			children = (
				0687026224C58CFF006B6AC6 /* heresdk.framework */,
				C8EB5F77223FBC6F0095F3D2 /* Positioning */,
				C8EB5F76223FBC6F0095F3D2 /* Products */,
				0667C20324B3212A000BAEAC /* Frameworks */,
			);
			sourceTree = "<group>";
		};
		C8EB5F76223FBC6F0095F3D2 /* Products */ = {
			isa = PBXGroup;
			children = (
				C8EB5F75223FBC6F0095F3D2 /* Positioning.app */,
			);
			name = Products;
			sourceTree = "<group>";
		};
		C8EB5F77223FBC6F0095F3D2 /* Positioning */ = {
			isa = PBXGroup;
			children = (
				C8EB5F78223FBC6F0095F3D2 /* AppDelegate.swift */,
				C8EB5F7A223FBC6F0095F3D2 /* ViewController.swift */,
				C8EB5F8A223FBCAA0095F3D2 /* PositioningExample.swift */,
				C8EB5F7C223FBC6F0095F3D2 /* Main.storyboard */,
				C8EB5F7F223FBC720095F3D2 /* Assets.xcassets */,
				C8EB5F81223FBC720095F3D2 /* LaunchScreen.storyboard */,
				C8EB5F84223FBC720095F3D2 /* Info.plist */,
			);
			path = Positioning;
			sourceTree = "<group>";
		};
/* End PBXGroup section */

/* Begin PBXNativeTarget section */
		C8EB5F74223FBC6F0095F3D2 /* Positioning */ = {
			isa = PBXNativeTarget;
			buildConfigurationList = C8EB5F87223FBC720095F3D2 /* Build configuration list for PBXNativeTarget "Positioning" */;
			buildPhases = (
				C8EB5F71223FBC6F0095F3D2 /* Sources */,
				C8EB5F72223FBC6F0095F3D2 /* Frameworks */,
				C8EB5F73223FBC6F0095F3D2 /* Resources */,
				C819AFB124C81EA7006C4213 /* Embed Frameworks */,
			);
			buildRules = (
			);
			dependencies = (
			);
			name = Positioning;
			productName = Positioning;
			productReference = C8EB5F75223FBC6F0095F3D2 /* Positioning.app */;
			productType = "com.apple.product-type.application";
		};
/* End PBXNativeTarget section */

/* Begin PBXProject section */
		C8EB5F6D223FBC6F0095F3D2 /* Project object */ = {
			isa = PBXProject;
			attributes = {
				LastSwiftUpdateCheck = 1010;
				LastUpgradeCheck = 1240;
				ORGANIZATIONNAME = HERE;
				TargetAttributes = {
					C8EB5F74223FBC6F0095F3D2 = {
						CreatedOnToolsVersion = 10.1;
					};
				};
			};
			buildConfigurationList = C8EB5F70223FBC6F0095F3D2 /* Build configuration list for PBXProject "Positioning" */;
			compatibilityVersion = "Xcode 9.3";
			developmentRegion = en;
			hasScannedForEncodings = 0;
			knownRegions = (
				en,
				Base,
			);
			mainGroup = C8EB5F6C223FBC6F0095F3D2;
			productRefGroup = C8EB5F76223FBC6F0095F3D2 /* Products */;
			projectDirPath = "";
			projectRoot = "";
			targets = (
				C8EB5F74223FBC6F0095F3D2 /* Positioning */,
			);
		};
/* End PBXProject section */

/* Begin PBXResourcesBuildPhase section */
		C8EB5F73223FBC6F0095F3D2 /* Resources */ = {
			isa = PBXResourcesBuildPhase;
			buildActionMask = 2147483647;
			files = (
				C8EB5F83223FBC720095F3D2 /* LaunchScreen.storyboard in Resources */,
				C8EB5F80223FBC720095F3D2 /* Assets.xcassets in Resources */,
				C8EB5F7E223FBC6F0095F3D2 /* Main.storyboard in Resources */,
			);
			runOnlyForDeploymentPostprocessing = 0;
		};
/* End PBXResourcesBuildPhase section */

/* Begin PBXSourcesBuildPhase section */
		C8EB5F71223FBC6F0095F3D2 /* Sources */ = {
			isa = PBXSourcesBuildPhase;
			buildActionMask = 2147483647;
			files = (
				C8EB5F7B223FBC6F0095F3D2 /* ViewController.swift in Sources */,
				C8EB5F8B223FBCAA0095F3D2 /* PositioningExample.swift in Sources */,
				C8EB5F79223FBC6F0095F3D2 /* AppDelegate.swift in Sources */,
			);
			runOnlyForDeploymentPostprocessing = 0;
		};
/* End PBXSourcesBuildPhase section */

/* Begin PBXVariantGroup section */
		C8EB5F7C223FBC6F0095F3D2 /* Main.storyboard */ = {
			isa = PBXVariantGroup;
			children = (
				C8EB5F7D223FBC6F0095F3D2 /* Base */,
			);
			name = Main.storyboard;
			sourceTree = "<group>";
		};
		C8EB5F81223FBC720095F3D2 /* LaunchScreen.storyboard */ = {
			isa = PBXVariantGroup;
			children = (
				C8EB5F82223FBC720095F3D2 /* Base */,
			);
			name = LaunchScreen.storyboard;
			sourceTree = "<group>";
		};
/* End PBXVariantGroup section */

/* Begin XCBuildConfiguration section */
		C8EB5F85223FBC720095F3D2 /* Debug */ = {
			isa = XCBuildConfiguration;
			buildSettings = {
				ALWAYS_SEARCH_USER_PATHS = NO;
				CLANG_ANALYZER_NONNULL = YES;
				CLANG_ANALYZER_NUMBER_OBJECT_CONVERSION = YES_AGGRESSIVE;
				CLANG_CXX_LANGUAGE_STANDARD = "gnu++14";
				CLANG_CXX_LIBRARY = "libc++";
				CLANG_ENABLE_MODULES = YES;
				CLANG_ENABLE_OBJC_ARC = YES;
				CLANG_ENABLE_OBJC_WEAK = YES;
				CLANG_WARN_BLOCK_CAPTURE_AUTORELEASING = YES;
				CLANG_WARN_BOOL_CONVERSION = YES;
				CLANG_WARN_COMMA = YES;
				CLANG_WARN_CONSTANT_CONVERSION = YES;
				CLANG_WARN_DEPRECATED_OBJC_IMPLEMENTATIONS = YES;
				CLANG_WARN_DIRECT_OBJC_ISA_USAGE = YES_ERROR;
				CLANG_WARN_DOCUMENTATION_COMMENTS = YES;
				CLANG_WARN_EMPTY_BODY = YES;
				CLANG_WARN_ENUM_CONVERSION = YES;
				CLANG_WARN_INFINITE_RECURSION = YES;
				CLANG_WARN_INT_CONVERSION = YES;
				CLANG_WARN_NON_LITERAL_NULL_CONVERSION = YES;
				CLANG_WARN_OBJC_IMPLICIT_RETAIN_SELF = YES;
				CLANG_WARN_OBJC_LITERAL_CONVERSION = YES;
				CLANG_WARN_OBJC_ROOT_CLASS = YES_ERROR;
				CLANG_WARN_QUOTED_INCLUDE_IN_FRAMEWORK_HEADER = YES;
				CLANG_WARN_RANGE_LOOP_ANALYSIS = YES;
				CLANG_WARN_STRICT_PROTOTYPES = YES;
				CLANG_WARN_SUSPICIOUS_MOVE = YES;
				CLANG_WARN_UNGUARDED_AVAILABILITY = YES_AGGRESSIVE;
				CLANG_WARN_UNREACHABLE_CODE = YES;
				CLANG_WARN__DUPLICATE_METHOD_MATCH = YES;
				CODE_SIGN_IDENTITY = "iPhone Developer";
				COPY_PHASE_STRIP = NO;
				DEBUG_INFORMATION_FORMAT = dwarf;
				ENABLE_STRICT_OBJC_MSGSEND = YES;
				ENABLE_TESTABILITY = YES;
				GCC_C_LANGUAGE_STANDARD = gnu11;
				GCC_DYNAMIC_NO_PIC = NO;
				GCC_NO_COMMON_BLOCKS = YES;
				GCC_OPTIMIZATION_LEVEL = 0;
				GCC_PREPROCESSOR_DEFINITIONS = (
					"DEBUG=1",
					"$(inherited)",
				);
				GCC_WARN_64_TO_32_BIT_CONVERSION = YES;
				GCC_WARN_ABOUT_RETURN_TYPE = YES_ERROR;
				GCC_WARN_UNDECLARED_SELECTOR = YES;
				GCC_WARN_UNINITIALIZED_AUTOS = YES_AGGRESSIVE;
				GCC_WARN_UNUSED_FUNCTION = YES;
				GCC_WARN_UNUSED_VARIABLE = YES;
				IPHONEOS_DEPLOYMENT_TARGET = 13.0;
				MTL_ENABLE_DEBUG_INFO = INCLUDE_SOURCE;
				MTL_FAST_MATH = YES;
				ONLY_ACTIVE_ARCH = YES;
				SDKROOT = iphoneos;
				SWIFT_ACTIVE_COMPILATION_CONDITIONS = DEBUG;
				SWIFT_OPTIMIZATION_LEVEL = "-Onone";
			};
			name = Debug;
		};
		C8EB5F86223FBC720095F3D2 /* Release */ = {
			isa = XCBuildConfiguration;
			buildSettings = {
				ALWAYS_SEARCH_USER_PATHS = NO;
				CLANG_ANALYZER_NONNULL = YES;
				CLANG_ANALYZER_NUMBER_OBJECT_CONVERSION = YES_AGGRESSIVE;
				CLANG_CXX_LANGUAGE_STANDARD = "gnu++14";
				CLANG_CXX_LIBRARY = "libc++";
				CLANG_ENABLE_MODULES = YES;
				CLANG_ENABLE_OBJC_ARC = YES;
				CLANG_ENABLE_OBJC_WEAK = YES;
				CLANG_WARN_BLOCK_CAPTURE_AUTORELEASING = YES;
				CLANG_WARN_BOOL_CONVERSION = YES;
				CLANG_WARN_COMMA = YES;
				CLANG_WARN_CONSTANT_CONVERSION = YES;
				CLANG_WARN_DEPRECATED_OBJC_IMPLEMENTATIONS = YES;
				CLANG_WARN_DIRECT_OBJC_ISA_USAGE = YES_ERROR;
				CLANG_WARN_DOCUMENTATION_COMMENTS = YES;
				CLANG_WARN_EMPTY_BODY = YES;
				CLANG_WARN_ENUM_CONVERSION = YES;
				CLANG_WARN_INFINITE_RECURSION = YES;
				CLANG_WARN_INT_CONVERSION = YES;
				CLANG_WARN_NON_LITERAL_NULL_CONVERSION = YES;
				CLANG_WARN_OBJC_IMPLICIT_RETAIN_SELF = YES;
				CLANG_WARN_OBJC_LITERAL_CONVERSION = YES;
				CLANG_WARN_OBJC_ROOT_CLASS = YES_ERROR;
				CLANG_WARN_QUOTED_INCLUDE_IN_FRAMEWORK_HEADER = YES;
				CLANG_WARN_RANGE_LOOP_ANALYSIS = YES;
				CLANG_WARN_STRICT_PROTOTYPES = YES;
				CLANG_WARN_SUSPICIOUS_MOVE = YES;
				CLANG_WARN_UNGUARDED_AVAILABILITY = YES_AGGRESSIVE;
				CLANG_WARN_UNREACHABLE_CODE = YES;
				CLANG_WARN__DUPLICATE_METHOD_MATCH = YES;
				CODE_SIGN_IDENTITY = "iPhone Developer";
				COPY_PHASE_STRIP = NO;
				DEBUG_INFORMATION_FORMAT = "dwarf-with-dsym";
				ENABLE_NS_ASSERTIONS = NO;
				ENABLE_STRICT_OBJC_MSGSEND = YES;
				GCC_C_LANGUAGE_STANDARD = gnu11;
				GCC_NO_COMMON_BLOCKS = YES;
				GCC_WARN_64_TO_32_BIT_CONVERSION = YES;
				GCC_WARN_ABOUT_RETURN_TYPE = YES_ERROR;
				GCC_WARN_UNDECLARED_SELECTOR = YES;
				GCC_WARN_UNINITIALIZED_AUTOS = YES_AGGRESSIVE;
				GCC_WARN_UNUSED_FUNCTION = YES;
				GCC_WARN_UNUSED_VARIABLE = YES;
				IPHONEOS_DEPLOYMENT_TARGET = 13.0;
				MTL_ENABLE_DEBUG_INFO = NO;
				MTL_FAST_MATH = YES;
				SDKROOT = iphoneos;
				SWIFT_COMPILATION_MODE = wholemodule;
				SWIFT_OPTIMIZATION_LEVEL = "-O";
				VALIDATE_PRODUCT = YES;
			};
			name = Release;
		};
		C8EB5F88223FBC720095F3D2 /* Debug */ = {
			isa = XCBuildConfiguration;
			buildSettings = {
				ASSETCATALOG_COMPILER_APPICON_NAME = AppIcon;
				CODE_SIGN_STYLE = Automatic;
				DEVELOPMENT_TEAM = "";
				ENABLE_BITCODE = NO;
				FRAMEWORK_SEARCH_PATHS = (
					"$(inherited)",
					"$(PROJECT_DIR)",
				);
				INFOPLIST_FILE = Positioning/Info.plist;
				IPHONEOS_DEPLOYMENT_TARGET = 13.0;
				LD_RUNPATH_SEARCH_PATHS = (
					"$(inherited)",
					"@executable_path/Frameworks",
				);
				LIBRARY_SEARCH_PATHS = (
					"$(inherited)",
					"$(PROJECT_DIR)",
				);
				PRODUCT_BUNDLE_IDENTIFIER = com.here.sdk.example;
				PRODUCT_NAME = "$(TARGET_NAME)";
				PROVISIONING_PROFILE_SPECIFIER = "";
				SWIFT_VERSION = 5.0;
				TARGETED_DEVICE_FAMILY = "1,2";
			};
			name = Debug;
		};
		C8EB5F89223FBC720095F3D2 /* Release */ = {
			isa = XCBuildConfiguration;
			buildSettings = {
				ASSETCATALOG_COMPILER_APPICON_NAME = AppIcon;
				CODE_SIGN_STYLE = Automatic;
				DEVELOPMENT_TEAM = "";
				ENABLE_BITCODE = NO;
				FRAMEWORK_SEARCH_PATHS = (
					"$(inherited)",
					"$(PROJECT_DIR)",
				);
				INFOPLIST_FILE = Positioning/Info.plist;
				IPHONEOS_DEPLOYMENT_TARGET = 13.0;
				LD_RUNPATH_SEARCH_PATHS = (
					"$(inherited)",
					"@executable_path/Frameworks",
				);
				LIBRARY_SEARCH_PATHS = (
					"$(inherited)",
					"$(PROJECT_DIR)",
				);
				PRODUCT_BUNDLE_IDENTIFIER = com.here.sdk.example;
				PRODUCT_NAME = "$(TARGET_NAME)";
				PROVISIONING_PROFILE_SPECIFIER = "";
				SWIFT_VERSION = 5.0;
				TARGETED_DEVICE_FAMILY = "1,2";
			};
			name = Release;
		};
/* End XCBuildConfiguration section */

/* Begin XCConfigurationList section */
		C8EB5F70223FBC6F0095F3D2 /* Build configuration list for PBXProject "Positioning" */ = {
			isa = XCConfigurationList;
			buildConfigurations = (
				C8EB5F85223FBC720095F3D2 /* Debug */,
				C8EB5F86223FBC720095F3D2 /* Release */,
			);
			defaultConfigurationIsVisible = 0;
			defaultConfigurationName = Release;
		};
		C8EB5F87223FBC720095F3D2 /* Build configuration list for PBXNativeTarget "Positioning" */ = {
			isa = XCConfigurationList;
			buildConfigurations = (
				C8EB5F88223FBC720095F3D2 /* Debug */,
				C8EB5F89223FBC720095F3D2 /* Release */,
			);
			defaultConfigurationIsVisible = 0;
			defaultConfigurationName = Release;
		};
/* End XCConfigurationList section */
	};
	rootObject = C8EB5F6D223FBC6F0095F3D2 /* Project object */;
}
