// !$*UTF8*$!
{
	archiveVersion = 1;
	classes = {
	};
	objectVersion = 52;
	objects = {

/* Begin PBXBuildFile section */
		C88C018623CDFD3A00043918 /* heresdk.xcframework in Frameworks */ = {isa = PBXBuildFile; fileRef = C88C018523CDFD3A00043918 /* heresdk.xcframework */; };
		C88C018723CDFD3A00043918 /* heresdk.xcframework in Embed Frameworks */ = {isa = PBXBuildFile; fileRef = C88C018523CDFD3A00043918 /* heresdk.xcframework */; settings = {ATTRIBUTES = (CodeSignOnCopy, ); }; };
		C8D0BB6F2167DB0E002FD93D /* AppDelegate.swift in Sources */ = {isa = PBXBuildFile; fileRef = C8D0BB6E2167DB0E002FD93D /* AppDelegate.swift */; };
		C8D0BB712167DB0E002FD93D /* ViewController.swift in Sources */ = {isa = PBXBuildFile; fileRef = C8D0BB702167DB0E002FD93D /* ViewController.swift */; };
		C8D0BB742167DB0E002FD93D /* Main.storyboard in Resources */ = {isa = PBXBuildFile; fileRef = C8D0BB722167DB0E002FD93D /* Main.storyboard */; };
		C8D0BB762167DB0F002FD93D /* Assets.xcassets in Resources */ = {isa = PBXBuildFile; fileRef = C8D0BB752167DB0F002FD93D /* Assets.xcassets */; };
		C8D0BB792167DB0F002FD93D /* LaunchScreen.storyboard in Resources */ = {isa = PBXBuildFile; fileRef = C8D0BB772167DB0F002FD93D /* LaunchScreen.storyboard */; };
		C8D0BB812167DC0A002FD93D /* TrafficExample.swift in Sources */ = {isa = PBXBuildFile; fileRef = C8D0BB802167DC0A002FD93D /* TrafficExample.swift */; };
/* End PBXBuildFile section */

/* Begin PBXCopyFilesBuildPhase section */
		C8288835224BD428004903B8 /* Embed Frameworks */ = {
			isa = PBXCopyFilesBuildPhase;
			buildActionMask = 2147483647;
			dstPath = "";
			dstSubfolderSpec = 10;
			files = (
				C88C018723CDFD3A00043918 /* heresdk.xcframework in Embed Frameworks */,
			);
			name = "Embed Frameworks";
			runOnlyForDeploymentPostprocessing = 0;
		};
/* End PBXCopyFilesBuildPhase section */

/* Begin PBXFileReference section */
		C88C018523CDFD3A00043918 /* heresdk.xcframework */ = {isa = PBXFileReference; lastKnownFileType = wrapper.xcframework; path = heresdk.xcframework; sourceTree = "<group>"; };
		C8D0BB6B2167DB0E002FD93D /* Traffic.app */ = {isa = PBXFileReference; explicitFileType = wrapper.application; includeInIndex = 0; path = Traffic.app; sourceTree = BUILT_PRODUCTS_DIR; };
		C8D0BB6E2167DB0E002FD93D /* AppDelegate.swift */ = {isa = PBXFileReference; lastKnownFileType = sourcecode.swift; path = AppDelegate.swift; sourceTree = "<group>"; };
		C8D0BB702167DB0E002FD93D /* ViewController.swift */ = {isa = PBXFileReference; lastKnownFileType = sourcecode.swift; path = ViewController.swift; sourceTree = "<group>"; };
		C8D0BB732167DB0E002FD93D /* Base */ = {isa = PBXFileReference; lastKnownFileType = file.storyboard; name = Base; path = Base.lproj/Main.storyboard; sourceTree = "<group>"; };
		C8D0BB752167DB0F002FD93D /* Assets.xcassets */ = {isa = PBXFileReference; lastKnownFileType = folder.assetcatalog; path = Assets.xcassets; sourceTree = "<group>"; };
		C8D0BB782167DB0F002FD93D /* Base */ = {isa = PBXFileReference; lastKnownFileType = file.storyboard; name = Base; path = Base.lproj/LaunchScreen.storyboard; sourceTree = "<group>"; };
		C8D0BB7A2167DB0F002FD93D /* Info.plist */ = {isa = PBXFileReference; lastKnownFileType = text.plist.xml; path = Info.plist; sourceTree = "<group>"; };
		C8D0BB802167DC0A002FD93D /* TrafficExample.swift */ = {isa = PBXFileReference; fileEncoding = 4; lastKnownFileType = sourcecode.swift; path = TrafficExample.swift; sourceTree = "<group>"; };
/* End PBXFileReference section */

/* Begin PBXFrameworksBuildPhase section */
		C8D0BB682167DB0E002FD93D /* Frameworks */ = {
			isa = PBXFrameworksBuildPhase;
			buildActionMask = 2147483647;
			files = (
				C88C018623CDFD3A00043918 /* heresdk.xcframework in Frameworks */,
			);
			runOnlyForDeploymentPostprocessing = 0;
		};
/* End PBXFrameworksBuildPhase section */

/* Begin PBXGroup section */
		C88C018423CDFD3A00043918 /* Frameworks */ = {
			isa = PBXGroup;
			children = (
				C88C018523CDFD3A00043918 /* heresdk.xcframework */,
			);
			name = Frameworks;
			sourceTree = "<group>";
		};
		C8D0BB622167DB0E002FD93D = {
			isa = PBXGroup;
			children = (
				C8D0BB6D2167DB0E002FD93D /* Traffic */,
				C8D0BB6C2167DB0E002FD93D /* Products */,
				C88C018423CDFD3A00043918 /* Frameworks */,
			);
			sourceTree = "<group>";
		};
		C8D0BB6C2167DB0E002FD93D /* Products */ = {
			isa = PBXGroup;
			children = (
				C8D0BB6B2167DB0E002FD93D /* Traffic.app */,
			);
			name = Products;
			sourceTree = "<group>";
		};
		C8D0BB6D2167DB0E002FD93D /* Traffic */ = {
			isa = PBXGroup;
			children = (
				C8D0BB6E2167DB0E002FD93D /* AppDelegate.swift */,
				C8D0BB702167DB0E002FD93D /* ViewController.swift */,
				C8D0BB802167DC0A002FD93D /* TrafficExample.swift */,
				C8D0BB722167DB0E002FD93D /* Main.storyboard */,
				C8D0BB752167DB0F002FD93D /* Assets.xcassets */,
				C8D0BB772167DB0F002FD93D /* LaunchScreen.storyboard */,
				C8D0BB7A2167DB0F002FD93D /* Info.plist */,
			);
			path = Traffic;
			sourceTree = "<group>";
		};
/* End PBXGroup section */

/* Begin PBXNativeTarget section */
		C8D0BB6A2167DB0E002FD93D /* Traffic */ = {
			isa = PBXNativeTarget;
			buildConfigurationList = C8D0BB7D2167DB0F002FD93D /* Build configuration list for PBXNativeTarget "Traffic" */;
			buildPhases = (
				C8D0BB672167DB0E002FD93D /* Sources */,
				C8D0BB682167DB0E002FD93D /* Frameworks */,
				C8D0BB692167DB0E002FD93D /* Resources */,
				C8288835224BD428004903B8 /* Embed Frameworks */,
			);
			buildRules = (
			);
			dependencies = (
			);
			name = Traffic;
			productName = Traffic;
			productReference = C8D0BB6B2167DB0E002FD93D /* Traffic.app */;
			productType = "com.apple.product-type.application";
		};
/* End PBXNativeTarget section */

/* Begin PBXProject section */
		C8D0BB632167DB0E002FD93D /* Project object */ = {
			isa = PBXProject;
			attributes = {
				LastSwiftUpdateCheck = 1000;
				LastUpgradeCheck = 1000;
				ORGANIZATIONNAME = HERE;
				TargetAttributes = {
					C8D0BB6A2167DB0E002FD93D = {
						CreatedOnToolsVersion = 10.0;
						LastSwiftMigration = 1020;
						ProvisioningStyle = Automatic;
					};
				};
			};
			buildConfigurationList = C8D0BB662167DB0E002FD93D /* Build configuration list for PBXProject "Traffic" */;
			compatibilityVersion = "Xcode 8.0";
			developmentRegion = en;
			hasScannedForEncodings = 0;
			knownRegions = (
				en,
				Base,
			);
			mainGroup = C8D0BB622167DB0E002FD93D;
			productRefGroup = C8D0BB6C2167DB0E002FD93D /* Products */;
			projectDirPath = "";
			projectRoot = "";
			targets = (
				C8D0BB6A2167DB0E002FD93D /* Traffic */,
			);
		};
/* End PBXProject section */

/* Begin PBXResourcesBuildPhase section */
		C8D0BB692167DB0E002FD93D /* Resources */ = {
			isa = PBXResourcesBuildPhase;
			buildActionMask = 2147483647;
			files = (
				C8D0BB792167DB0F002FD93D /* LaunchScreen.storyboard in Resources */,
				C8D0BB762167DB0F002FD93D /* Assets.xcassets in Resources */,
				C8D0BB742167DB0E002FD93D /* Main.storyboard in Resources */,
			);
			runOnlyForDeploymentPostprocessing = 0;
		};
/* End PBXResourcesBuildPhase section */

/* Begin PBXSourcesBuildPhase section */
		C8D0BB672167DB0E002FD93D /* Sources */ = {
			isa = PBXSourcesBuildPhase;
			buildActionMask = 2147483647;
			files = (
				C8D0BB712167DB0E002FD93D /* ViewController.swift in Sources */,
				C8D0BB6F2167DB0E002FD93D /* AppDelegate.swift in Sources */,
				C8D0BB812167DC0A002FD93D /* TrafficExample.swift in Sources */,
			);
			runOnlyForDeploymentPostprocessing = 0;
		};
/* End PBXSourcesBuildPhase section */

/* Begin PBXVariantGroup section */
		C8D0BB722167DB0E002FD93D /* Main.storyboard */ = {
			isa = PBXVariantGroup;
			children = (
				C8D0BB732167DB0E002FD93D /* Base */,
			);
			name = Main.storyboard;
			sourceTree = "<group>";
		};
		C8D0BB772167DB0F002FD93D /* LaunchScreen.storyboard */ = {
			isa = PBXVariantGroup;
			children = (
				C8D0BB782167DB0F002FD93D /* Base */,
			);
			name = LaunchScreen.storyboard;
			sourceTree = "<group>";
		};
/* End PBXVariantGroup section */

/* Begin XCBuildConfiguration section */
		C8D0BB7B2167DB0F002FD93D /* Debug */ = {
			isa = XCBuildConfiguration;
			buildSettings = {
				ALWAYS_SEARCH_USER_PATHS = NO;
				CLANG_ANALYZER_NONNULL = YES;
				CLANG_ANALYZER_NUMBER_OBJECT_CONVERSION = YES_AGGRESSIVE;
				CLANG_CXX_LANGUAGE_STANDARD = "gnu++14";
				CLANG_CXX_LIBRARY = "libc++";
				CLANG_ENABLE_MODULES = YES;
				CLANG_ENABLE_OBJC_ARC = YES;
				CLANG_ENABLE_OBJC_WEAK = YES;
				CLANG_WARN_BLOCK_CAPTURE_AUTORELEASING = YES;
				CLANG_WARN_BOOL_CONVERSION = YES;
				CLANG_WARN_COMMA = YES;
				CLANG_WARN_CONSTANT_CONVERSION = YES;
				CLANG_WARN_DEPRECATED_OBJC_IMPLEMENTATIONS = YES;
				CLANG_WARN_DIRECT_OBJC_ISA_USAGE = YES_ERROR;
				CLANG_WARN_DOCUMENTATION_COMMENTS = YES;
				CLANG_WARN_EMPTY_BODY = YES;
				CLANG_WARN_ENUM_CONVERSION = YES;
				CLANG_WARN_INFINITE_RECURSION = YES;
				CLANG_WARN_INT_CONVERSION = YES;
				CLANG_WARN_NON_LITERAL_NULL_CONVERSION = YES;
				CLANG_WARN_OBJC_IMPLICIT_RETAIN_SELF = YES;
				CLANG_WARN_OBJC_LITERAL_CONVERSION = YES;
				CLANG_WARN_OBJC_ROOT_CLASS = YES_ERROR;
				CLANG_WARN_RANGE_LOOP_ANALYSIS = YES;
				CLANG_WARN_STRICT_PROTOTYPES = YES;
				CLANG_WARN_SUSPICIOUS_MOVE = YES;
				CLANG_WARN_UNGUARDED_AVAILABILITY = YES_AGGRESSIVE;
				CLANG_WARN_UNREACHABLE_CODE = YES;
				CLANG_WARN__DUPLICATE_METHOD_MATCH = YES;
				CODE_SIGN_IDENTITY = "iPhone Developer";
				COPY_PHASE_STRIP = NO;
				DEBUG_INFORMATION_FORMAT = dwarf;
				ENABLE_STRICT_OBJC_MSGSEND = YES;
				ENABLE_TESTABILITY = YES;
				GCC_C_LANGUAGE_STANDARD = gnu11;
				GCC_DYNAMIC_NO_PIC = NO;
				GCC_NO_COMMON_BLOCKS = YES;
				GCC_OPTIMIZATION_LEVEL = 0;
				GCC_PREPROCESSOR_DEFINITIONS = (
					"DEBUG=1",
					"$(inherited)",
				);
				GCC_WARN_64_TO_32_BIT_CONVERSION = YES;
				GCC_WARN_ABOUT_RETURN_TYPE = YES_ERROR;
				GCC_WARN_UNDECLARED_SELECTOR = YES;
				GCC_WARN_UNINITIALIZED_AUTOS = YES_AGGRESSIVE;
				GCC_WARN_UNUSED_FUNCTION = YES;
				GCC_WARN_UNUSED_VARIABLE = YES;
				IPHONEOS_DEPLOYMENT_TARGET = 13.0;
				MTL_ENABLE_DEBUG_INFO = INCLUDE_SOURCE;
				MTL_FAST_MATH = YES;
				ONLY_ACTIVE_ARCH = YES;
				SDKROOT = iphoneos;
				SWIFT_ACTIVE_COMPILATION_CONDITIONS = DEBUG;
				SWIFT_OPTIMIZATION_LEVEL = "-Onone";
			};
			name = Debug;
		};
		C8D0BB7C2167DB0F002FD93D /* Release */ = {
			isa = XCBuildConfiguration;
			buildSettings = {
				ALWAYS_SEARCH_USER_PATHS = NO;
				CLANG_ANALYZER_NONNULL = YES;
				CLANG_ANALYZER_NUMBER_OBJECT_CONVERSION = YES_AGGRESSIVE;
				CLANG_CXX_LANGUAGE_STANDARD = "gnu++14";
				CLANG_CXX_LIBRARY = "libc++";
				CLANG_ENABLE_MODULES = YES;
				CLANG_ENABLE_OBJC_ARC = YES;
				CLANG_ENABLE_OBJC_WEAK = YES;
				CLANG_WARN_BLOCK_CAPTURE_AUTORELEASING = YES;
				CLANG_WARN_BOOL_CONVERSION = YES;
				CLANG_WARN_COMMA = YES;
				CLANG_WARN_CONSTANT_CONVERSION = YES;
				CLANG_WARN_DEPRECATED_OBJC_IMPLEMENTATIONS = YES;
				CLANG_WARN_DIRECT_OBJC_ISA_USAGE = YES_ERROR;
				CLANG_WARN_DOCUMENTATION_COMMENTS = YES;
				CLANG_WARN_EMPTY_BODY = YES;
				CLANG_WARN_ENUM_CONVERSION = YES;
				CLANG_WARN_INFINITE_RECURSION = YES;
				CLANG_WARN_INT_CONVERSION = YES;
				CLANG_WARN_NON_LITERAL_NULL_CONVERSION = YES;
				CLANG_WARN_OBJC_IMPLICIT_RETAIN_SELF = YES;
				CLANG_WARN_OBJC_LITERAL_CONVERSION = YES;
				CLANG_WARN_OBJC_ROOT_CLASS = YES_ERROR;
				CLANG_WARN_RANGE_LOOP_ANALYSIS = YES;
				CLANG_WARN_STRICT_PROTOTYPES = YES;
				CLANG_WARN_SUSPICIOUS_MOVE = YES;
				CLANG_WARN_UNGUARDED_AVAILABILITY = YES_AGGRESSIVE;
				CLANG_WARN_UNREACHABLE_CODE = YES;
				CLANG_WARN__DUPLICATE_METHOD_MATCH = YES;
				CODE_SIGN_IDENTITY = "iPhone Developer";
				COPY_PHASE_STRIP = NO;
				DEBUG_INFORMATION_FORMAT = "dwarf-with-dsym";
				ENABLE_NS_ASSERTIONS = NO;
				ENABLE_STRICT_OBJC_MSGSEND = YES;
				GCC_C_LANGUAGE_STANDARD = gnu11;
				GCC_NO_COMMON_BLOCKS = YES;
				GCC_WARN_64_TO_32_BIT_CONVERSION = YES;
				GCC_WARN_ABOUT_RETURN_TYPE = YES_ERROR;
				GCC_WARN_UNDECLARED_SELECTOR = YES;
				GCC_WARN_UNINITIALIZED_AUTOS = YES_AGGRESSIVE;
				GCC_WARN_UNUSED_FUNCTION = YES;
				GCC_WARN_UNUSED_VARIABLE = YES;
				IPHONEOS_DEPLOYMENT_TARGET = 13.0;
				MTL_ENABLE_DEBUG_INFO = NO;
				MTL_FAST_MATH = YES;
				SDKROOT = iphoneos;
				SWIFT_COMPILATION_MODE = wholemodule;
				SWIFT_OPTIMIZATION_LEVEL = "-O";
				VALIDATE_PRODUCT = YES;
			};
			name = Release;
		};
		C8D0BB7E2167DB0F002FD93D /* Debug */ = {
			isa = XCBuildConfiguration;
			buildSettings = {
				ASSETCATALOG_COMPILER_APPICON_NAME = AppIcon;
				CODE_SIGN_STYLE = Automatic;
				DEVELOPMENT_TEAM = "";
				ENABLE_BITCODE = NO;
				FRAMEWORK_SEARCH_PATHS = (
					"$(inherited)",
					"$(PROJECT_DIR)",
				);
				INFOPLIST_FILE = Traffic/Info.plist;
				IPHONEOS_DEPLOYMENT_TARGET = 13.0;
				LD_RUNPATH_SEARCH_PATHS = (
					"$(inherited)",
					"@executable_path/Frameworks",
				);
				PRODUCT_BUNDLE_IDENTIFIER = com.here.sdk.example;
				PRODUCT_NAME = "$(TARGET_NAME)";
				SWIFT_VERSION = 5.0;
				TARGETED_DEVICE_FAMILY = "1,2";
			};
			name = Debug;
		};
		C8D0BB7F2167DB0F002FD93D /* Release */ = {
			isa = XCBuildConfiguration;
			buildSettings = {
				ASSETCATALOG_COMPILER_APPICON_NAME = AppIcon;
				CODE_SIGN_STYLE = Automatic;
				DEVELOPMENT_TEAM = "";
				ENABLE_BITCODE = NO;
				FRAMEWORK_SEARCH_PATHS = (
					"$(inherited)",
					"$(PROJECT_DIR)",
				);
				INFOPLIST_FILE = Traffic/Info.plist;
				IPHONEOS_DEPLOYMENT_TARGET = 13.0;
				LD_RUNPATH_SEARCH_PATHS = (
					"$(inherited)",
					"@executable_path/Frameworks",
				);
				PRODUCT_BUNDLE_IDENTIFIER = com.here.sdk.example;
				PRODUCT_NAME = "$(TARGET_NAME)";
				SWIFT_VERSION = 5.0;
				TARGETED_DEVICE_FAMILY = "1,2";
			};
			name = Release;
		};
/* End XCBuildConfiguration section */

/* Begin XCConfigurationList section */
		C8D0BB662167DB0E002FD93D /* Build configuration list for PBXProject "Traffic" */ = {
			isa = XCConfigurationList;
			buildConfigurations = (
				C8D0BB7B2167DB0F002FD93D /* Debug */,
				C8D0BB7C2167DB0F002FD93D /* Release */,
			);
			defaultConfigurationIsVisible = 0;
			defaultConfigurationName = Release;
		};
		C8D0BB7D2167DB0F002FD93D /* Build configuration list for PBXNativeTarget "Traffic" */ = {
			isa = XCConfigurationList;
			buildConfigurations = (
				C8D0BB7E2167DB0F002FD93D /* Debug */,
				C8D0BB7F2167DB0F002FD93D /* Release */,
			);
			defaultConfigurationIsVisible = 0;
			defaultConfigurationName = Release;
		};
/* End XCConfigurationList section */
	};
	rootObject = C8D0BB632167DB0E002FD93D /* Project object */;
}
