PODS:
  - Flutter (1.0.0)
  - here_sdk (4.3.2.0.2094.rc1):
    - Flutter

DEPENDENCIES:
  - Flutter (from `Flutter`)
  - here_sdk (from `.symlinks/plugins/here_sdk/ios`)

EXTERNAL SOURCES:
  Flutter:
    :path: Flutter
  here_sdk:
    :path: ".symlinks/plugins/here_sdk/ios"

SPEC CHECKSUMS:
  Flutter: 0e3d915762c693b495b44d77113d4970485de6ec
  here_sdk: 4fd362fff0aba227e5c88272219a1eb38e828c35

PODFILE CHECKSUM: dd133c49ddf9fdfbba331a7e231980af3c9b201f

COCOAPODS: 1.8.4
