// !$*UTF8*$!
{
	archiveVersion = 1;
	classes = {
	};
	objectVersion = 52;
	objects = {

/* Begin PBXBuildFile section */
		C854C22E248A541A00CB02CE /* AppDelegate.swift in Sources */ = {isa = PBXBuildFile; fileRef = C854C22D248A541A00CB02CE /* AppDelegate.swift */; };
		C854C232248A541A00CB02CE /* ViewController.swift in Sources */ = {isa = PBXBuildFile; fileRef = C854C231248A541A00CB02CE /* ViewController.swift */; };
		C854C235248A541A00CB02CE /* Main.storyboard in Resources */ = {isa = PBXBuildFile; fileRef = C854C233248A541A00CB02CE /* Main.storyboard */; };
		C854C237248A542500CB02CE /* Assets.xcassets in Resources */ = {isa = PBXBuildFile; fileRef = C854C236248A542500CB02CE /* Assets.xcassets */; };
		C854C23A248A542500CB02CE /* LaunchScreen.storyboard in Resources */ = {isa = PBXBuildFile; fileRef = C854C238248A542500CB02CE /* LaunchScreen.storyboard */; };
		C854C243248A570E00CB02CE /* heresdk.xcframework in Frameworks */ = {isa = PBXBuildFile; fileRef = C854C242248A570E00CB02CE /* heresdk.xcframework */; };
		C854C244248A570E00CB02CE /* heresdk.xcframework in Embed Frameworks */ = {isa = PBXBuildFile; fileRef = C854C242248A570E00CB02CE /* heresdk.xcframework */; settings = {ATTRIBUTES = (CodeSignOnCopy, ); }; };
		C854C247248A573000CB02CE /* MapViewPinsExample.swift in Sources */ = {isa = PBXBuildFile; fileRef = C854C246248A573000CB02CE /* MapViewPinsExample.swift */; };
/* End PBXBuildFile section */

/* Begin PBXCopyFilesBuildPhase section */
		C854C245248A570E00CB02CE /* Embed Frameworks */ = {
			isa = PBXCopyFilesBuildPhase;
			buildActionMask = 2147483647;
			dstPath = "";
			dstSubfolderSpec = 10;
			files = (
				C854C244248A570E00CB02CE /* heresdk.xcframework in Embed Frameworks */,
			);
			name = "Embed Frameworks";
			runOnlyForDeploymentPostprocessing = 0;
		};
/* End PBXCopyFilesBuildPhase section */

/* Begin PBXFileReference section */
		C854C22A248A541A00CB02CE /* MapViewPins.app */ = {isa = PBXFileReference; explicitFileType = wrapper.application; includeInIndex = 0; path = MapViewPins.app; sourceTree = BUILT_PRODUCTS_DIR; };
		C854C22D248A541A00CB02CE /* AppDelegate.swift */ = {isa = PBXFileReference; lastKnownFileType = sourcecode.swift; path = AppDelegate.swift; sourceTree = "<group>"; };
		C854C231248A541A00CB02CE /* ViewController.swift */ = {isa = PBXFileReference; lastKnownFileType = sourcecode.swift; path = ViewController.swift; sourceTree = "<group>"; };
		C854C234248A541A00CB02CE /* Base */ = {isa = PBXFileReference; lastKnownFileType = file.storyboard; name = Base; path = Base.lproj/Main.storyboard; sourceTree = "<group>"; };
		C854C236248A542500CB02CE /* Assets.xcassets */ = {isa = PBXFileReference; lastKnownFileType = folder.assetcatalog; path = Assets.xcassets; sourceTree = "<group>"; };
		C854C239248A542500CB02CE /* Base */ = {isa = PBXFileReference; lastKnownFileType = file.storyboard; name = Base; path = Base.lproj/LaunchScreen.storyboard; sourceTree = "<group>"; };
		C854C23B248A542500CB02CE /* Info.plist */ = {isa = PBXFileReference; lastKnownFileType = text.plist.xml; path = Info.plist; sourceTree = "<group>"; };
		C854C242248A570E00CB02CE /* heresdk.xcframework */ = {isa = PBXFileReference; lastKnownFileType = wrapper.xcframework; path = heresdk.xcframework; sourceTree = "<group>"; };
		C854C246248A573000CB02CE /* MapViewPinsExample.swift */ = {isa = PBXFileReference; fileEncoding = 4; lastKnownFileType = sourcecode.swift; path = MapViewPinsExample.swift; sourceTree = "<group>"; };
/* End PBXFileReference section */

/* Begin PBXFrameworksBuildPhase section */
		C854C227248A541A00CB02CE /* Frameworks */ = {
			isa = PBXFrameworksBuildPhase;
			buildActionMask = 2147483647;
			files = (
				C854C243248A570E00CB02CE /* heresdk.xcframework in Frameworks */,
			);
			runOnlyForDeploymentPostprocessing = 0;
		};
/* End PBXFrameworksBuildPhase section */

/* Begin PBXGroup section */
		C854C221248A541A00CB02CE = {
			isa = PBXGroup;
			children = (
				C854C22C248A541A00CB02CE /* MapViewPins */,
				C854C22B248A541A00CB02CE /* Products */,
				C854C241248A570D00CB02CE /* Frameworks */,
			);
			sourceTree = "<group>";
		};
		C854C22B248A541A00CB02CE /* Products */ = {
			isa = PBXGroup;
			children = (
				C854C22A248A541A00CB02CE /* MapViewPins.app */,
			);
			name = Products;
			sourceTree = "<group>";
		};
		C854C22C248A541A00CB02CE /* MapViewPins */ = {
			isa = PBXGroup;
			children = (
				C854C22D248A541A00CB02CE /* AppDelegate.swift */,
				C854C231248A541A00CB02CE /* ViewController.swift */,
				C854C246248A573000CB02CE /* MapViewPinsExample.swift */,
				C854C233248A541A00CB02CE /* Main.storyboard */,
				C854C236248A542500CB02CE /* Assets.xcassets */,
				C854C238248A542500CB02CE /* LaunchScreen.storyboard */,
				C854C23B248A542500CB02CE /* Info.plist */,
			);
			path = MapViewPins;
			sourceTree = "<group>";
		};
		C854C241248A570D00CB02CE /* Frameworks */ = {
			isa = PBXGroup;
			children = (
				C854C242248A570E00CB02CE /* heresdk.xcframework */,
			);
			name = Frameworks;
			sourceTree = "<group>";
		};
/* End PBXGroup section */

/* Begin PBXNativeTarget section */
		C854C229248A541A00CB02CE /* MapViewPins */ = {
			isa = PBXNativeTarget;
			buildConfigurationList = C854C23E248A542500CB02CE /* Build configuration list for PBXNativeTarget "MapViewPins" */;
			buildPhases = (
				C854C226248A541A00CB02CE /* Sources */,
				C854C227248A541A00CB02CE /* Frameworks */,
				C854C228248A541A00CB02CE /* Resources */,
				C854C245248A570E00CB02CE /* Embed Frameworks */,
			);
			buildRules = (
			);
			dependencies = (
			);
			name = MapViewPins;
			productName = MapViewPins;
			productReference = C854C22A248A541A00CB02CE /* MapViewPins.app */;
			productType = "com.apple.product-type.application";
		};
/* End PBXNativeTarget section */

/* Begin PBXProject section */
		C854C222248A541A00CB02CE /* Project object */ = {
			isa = PBXProject;
			attributes = {
				LastSwiftUpdateCheck = 1150;
				LastUpgradeCheck = 1150;
				ORGANIZATIONNAME = HERE;
				TargetAttributes = {
					C854C229248A541A00CB02CE = {
						CreatedOnToolsVersion = 11.5;
					};
				};
			};
			buildConfigurationList = C854C225248A541A00CB02CE /* Build configuration list for PBXProject "MapViewPins" */;
			compatibilityVersion = "Xcode 9.3";
			developmentRegion = en;
			hasScannedForEncodings = 0;
			knownRegions = (
				en,
				Base,
			);
			mainGroup = C854C221248A541A00CB02CE;
			productRefGroup = C854C22B248A541A00CB02CE /* Products */;
			projectDirPath = "";
			projectRoot = "";
			targets = (
				C854C229248A541A00CB02CE /* MapViewPins */,
			);
		};
/* End PBXProject section */

/* Begin PBXResourcesBuildPhase section */
		C854C228248A541A00CB02CE /* Resources */ = {
			isa = PBXResourcesBuildPhase;
			buildActionMask = 2147483647;
			files = (
				C854C23A248A542500CB02CE /* LaunchScreen.storyboard in Resources */,
				C854C237248A542500CB02CE /* Assets.xcassets in Resources */,
				C854C235248A541A00CB02CE /* Main.storyboard in Resources */,
			);
			runOnlyForDeploymentPostprocessing = 0;
		};
/* End PBXResourcesBuildPhase section */

/* Begin PBXSourcesBuildPhase section */
		C854C226248A541A00CB02CE /* Sources */ = {
			isa = PBXSourcesBuildPhase;
			buildActionMask = 2147483647;
			files = (
				C854C247248A573000CB02CE /* MapViewPinsExample.swift in Sources */,
				C854C232248A541A00CB02CE /* ViewController.swift in Sources */,
				C854C22E248A541A00CB02CE /* AppDelegate.swift in Sources */,
			);
			runOnlyForDeploymentPostprocessing = 0;
		};
/* End PBXSourcesBuildPhase section */

/* Begin PBXVariantGroup section */
		C854C233248A541A00CB02CE /* Main.storyboard */ = {
			isa = PBXVariantGroup;
			children = (
				C854C234248A541A00CB02CE /* Base */,
			);
			name = Main.storyboard;
			sourceTree = "<group>";
		};
		C854C238248A542500CB02CE /* LaunchScreen.storyboard */ = {
			isa = PBXVariantGroup;
			children = (
				C854C239248A542500CB02CE /* Base */,
			);
			name = LaunchScreen.storyboard;
			sourceTree = "<group>";
		};
/* End PBXVariantGroup section */

/* Begin XCBuildConfiguration section */
		C854C23C248A542500CB02CE /* Debug */ = {
			isa = XCBuildConfiguration;
			buildSettings = {
				ALWAYS_SEARCH_USER_PATHS = NO;
				CLANG_ANALYZER_NONNULL = YES;
				CLANG_ANALYZER_NUMBER_OBJECT_CONVERSION = YES_AGGRESSIVE;
				CLANG_CXX_LANGUAGE_STANDARD = "gnu++14";
				CLANG_CXX_LIBRARY = "libc++";
				CLANG_ENABLE_MODULES = YES;
				CLANG_ENABLE_OBJC_ARC = YES;
				CLANG_ENABLE_OBJC_WEAK = YES;
				CLANG_WARN_BLOCK_CAPTURE_AUTORELEASING = YES;
				CLANG_WARN_BOOL_CONVERSION = YES;
				CLANG_WARN_COMMA = YES;
				CLANG_WARN_CONSTANT_CONVERSION = YES;
				CLANG_WARN_DEPRECATED_OBJC_IMPLEMENTATIONS = YES;
				CLANG_WARN_DIRECT_OBJC_ISA_USAGE = YES_ERROR;
				CLANG_WARN_DOCUMENTATION_COMMENTS = YES;
				CLANG_WARN_EMPTY_BODY = YES;
				CLANG_WARN_ENUM_CONVERSION = YES;
				CLANG_WARN_INFINITE_RECURSION = YES;
				CLANG_WARN_INT_CONVERSION = YES;
				CLANG_WARN_NON_LITERAL_NULL_CONVERSION = YES;
				CLANG_WARN_OBJC_IMPLICIT_RETAIN_SELF = YES;
				CLANG_WARN_OBJC_LITERAL_CONVERSION = YES;
				CLANG_WARN_OBJC_ROOT_CLASS = YES_ERROR;
				CLANG_WARN_RANGE_LOOP_ANALYSIS = YES;
				CLANG_WARN_STRICT_PROTOTYPES = YES;
				CLANG_WARN_SUSPICIOUS_MOVE = YES;
				CLANG_WARN_UNGUARDED_AVAILABILITY = YES_AGGRESSIVE;
				CLANG_WARN_UNREACHABLE_CODE = YES;
				CLANG_WARN__DUPLICATE_METHOD_MATCH = YES;
				COPY_PHASE_STRIP = NO;
				DEBUG_INFORMATION_FORMAT = dwarf;
				ENABLE_STRICT_OBJC_MSGSEND = YES;
				ENABLE_TESTABILITY = YES;
				GCC_C_LANGUAGE_STANDARD = gnu11;
				GCC_DYNAMIC_NO_PIC = NO;
				GCC_NO_COMMON_BLOCKS = YES;
				GCC_OPTIMIZATION_LEVEL = 0;
				GCC_PREPROCESSOR_DEFINITIONS = (
					"DEBUG=1",
					"$(inherited)",
				);
				GCC_WARN_64_TO_32_BIT_CONVERSION = YES;
				GCC_WARN_ABOUT_RETURN_TYPE = YES_ERROR;
				GCC_WARN_UNDECLARED_SELECTOR = YES;
				GCC_WARN_UNINITIALIZED_AUTOS = YES_AGGRESSIVE;
				GCC_WARN_UNUSED_FUNCTION = YES;
				GCC_WARN_UNUSED_VARIABLE = YES;
				IPHONEOS_DEPLOYMENT_TARGET = 12.4;
				MTL_ENABLE_DEBUG_INFO = INCLUDE_SOURCE;
				MTL_FAST_MATH = YES;
				ONLY_ACTIVE_ARCH = YES;
				SDKROOT = iphoneos;
				SWIFT_ACTIVE_COMPILATION_CONDITIONS = DEBUG;
				SWIFT_OPTIMIZATION_LEVEL = "-Onone";
			};
			name = Debug;
		};
		C854C23D248A542500CB02CE /* Release */ = {
			isa = XCBuildConfiguration;
			buildSettings = {
				ALWAYS_SEARCH_USER_PATHS = NO;
				CLANG_ANALYZER_NONNULL = YES;
				CLANG_ANALYZER_NUMBER_OBJECT_CONVERSION = YES_AGGRESSIVE;
				CLANG_CXX_LANGUAGE_STANDARD = "gnu++14";
				CLANG_CXX_LIBRARY = "libc++";
				CLANG_ENABLE_MODULES = YES;
				CLANG_ENABLE_OBJC_ARC = YES;
				CLANG_ENABLE_OBJC_WEAK = YES;
				CLANG_WARN_BLOCK_CAPTURE_AUTORELEASING = YES;
				CLANG_WARN_BOOL_CONVERSION = YES;
				CLANG_WARN_COMMA = YES;
				CLANG_WARN_CONSTANT_CONVERSION = YES;
				CLANG_WARN_DEPRECATED_OBJC_IMPLEMENTATIONS = YES;
				CLANG_WARN_DIRECT_OBJC_ISA_USAGE = YES_ERROR;
				CLANG_WARN_DOCUMENTATION_COMMENTS = YES;
				CLANG_WARN_EMPTY_BODY = YES;
				CLANG_WARN_ENUM_CONVERSION = YES;
				CLANG_WARN_INFINITE_RECURSION = YES;
				CLANG_WARN_INT_CONVERSION = YES;
				CLANG_WARN_NON_LITERAL_NULL_CONVERSION = YES;
				CLANG_WARN_OBJC_IMPLICIT_RETAIN_SELF = YES;
				CLANG_WARN_OBJC_LITERAL_CONVERSION = YES;
				CLANG_WARN_OBJC_ROOT_CLASS = YES_ERROR;
				CLANG_WARN_RANGE_LOOP_ANALYSIS = YES;
				CLANG_WARN_STRICT_PROTOTYPES = YES;
				CLANG_WARN_SUSPICIOUS_MOVE = YES;
				CLANG_WARN_UNGUARDED_AVAILABILITY = YES_AGGRESSIVE;
				CLANG_WARN_UNREACHABLE_CODE = YES;
				CLANG_WARN__DUPLICATE_METHOD_MATCH = YES;
				COPY_PHASE_STRIP = NO;
				DEBUG_INFORMATION_FORMAT = "dwarf-with-dsym";
				ENABLE_NS_ASSERTIONS = NO;
				ENABLE_STRICT_OBJC_MSGSEND = YES;
				GCC_C_LANGUAGE_STANDARD = gnu11;
				GCC_NO_COMMON_BLOCKS = YES;
				GCC_WARN_64_TO_32_BIT_CONVERSION = YES;
				GCC_WARN_ABOUT_RETURN_TYPE = YES_ERROR;
				GCC_WARN_UNDECLARED_SELECTOR = YES;
				GCC_WARN_UNINITIALIZED_AUTOS = YES_AGGRESSIVE;
				GCC_WARN_UNUSED_FUNCTION = YES;
				GCC_WARN_UNUSED_VARIABLE = YES;
				IPHONEOS_DEPLOYMENT_TARGET = 12.4;
				MTL_ENABLE_DEBUG_INFO = NO;
				MTL_FAST_MATH = YES;
				SDKROOT = iphoneos;
				SWIFT_COMPILATION_MODE = wholemodule;
				SWIFT_OPTIMIZATION_LEVEL = "-O";
				VALIDATE_PRODUCT = YES;
			};
			name = Release;
		};
		C854C23F248A542500CB02CE /* Debug */ = {
			isa = XCBuildConfiguration;
			buildSettings = {
				ASSETCATALOG_COMPILER_APPICON_NAME = AppIcon;
				CODE_SIGN_STYLE = Automatic;
				DEVELOPMENT_TEAM = "";
				INFOPLIST_FILE = MapViewPins/Info.plist;
				IPHONEOS_DEPLOYMENT_TARGET = 12.4;
				LD_RUNPATH_SEARCH_PATHS = (
					"$(inherited)",
					"@executable_path/Frameworks",
				);
				PRODUCT_BUNDLE_IDENTIFIER = com.here.sdk.example.MapViewPins;
				PRODUCT_NAME = "$(TARGET_NAME)";
				SWIFT_VERSION = 5.0;
				TARGETED_DEVICE_FAMILY = "1,2";
			};
			name = Debug;
		};
		C854C240248A542500CB02CE /* Release */ = {
			isa = XCBuildConfiguration;
			buildSettings = {
				ASSETCATALOG_COMPILER_APPICON_NAME = AppIcon;
				CODE_SIGN_STYLE = Automatic;
				DEVELOPMENT_TEAM = "";
				INFOPLIST_FILE = MapViewPins/Info.plist;
				IPHONEOS_DEPLOYMENT_TARGET = 12.4;
				LD_RUNPATH_SEARCH_PATHS = (
					"$(inherited)",
					"@executable_path/Frameworks",
				);
				PRODUCT_BUNDLE_IDENTIFIER = com.here.sdk.example.MapViewPins;
				PRODUCT_NAME = "$(TARGET_NAME)";
				SWIFT_VERSION = 5.0;
				TARGETED_DEVICE_FAMILY = "1,2";
			};
			name = Release;
		};
/* End XCBuildConfiguration section */

/* Begin XCConfigurationList section */
		C854C225248A541A00CB02CE /* Build configuration list for PBXProject "MapViewPins" */ = {
			isa = XCConfigurationList;
			buildConfigurations = (
				C854C23C248A542500CB02CE /* Debug */,
				C854C23D248A542500CB02CE /* Release */,
			);
			defaultConfigurationIsVisible = 0;
			defaultConfigurationName = Release;
		};
		C854C23E248A542500CB02CE /* Build configuration list for PBXNativeTarget "MapViewPins" */ = {
			isa = XCConfigurationList;
			buildConfigurations = (
				C854C23F248A542500CB02CE /* Debug */,
				C854C240248A542500CB02CE /* Release */,
			);
			defaultConfigurationIsVisible = 0;
			defaultConfigurationName = Release;
		};
/* End XCConfigurationList section */
	};
	rootObject = C854C222248A541A00CB02CE /* Project object */;
}
