PODS:
  - Flutter (1.0.0)
  - here_sdk (4.3.0.0.1868.rc1):
    - Flutter

DEPENDENCIES:
  - Flutter (from `Flutter`)
  - here_sdk (from `.symlinks/plugins/here_sdk/ios`)

EXTERNAL SOURCES:
  Flutter:
    :path: Flutter
  here_sdk:
    :path: ".symlinks/plugins/here_sdk/ios"

SPEC CHECKSUMS:
  Flutter: 0e3d915762c693b495b44d77113d4970485de6ec
  here_sdk: 578b64d98e93a81cb2ca087fdeefee01136cffc3

PODFILE CHECKSUM: 57b6366e412a881a5db488ee35037f90711b962f

COCOAPODS: 1.8.4
