// !$*UTF8*$!
{
	archiveVersion = 1;
	classes = {
	};
	objectVersion = 60;
	objects = {

/* Begin PBXBuildFile section */
		83C837C02C207F360004F54E /* Assets.xcassets in Resources */ = {isa = PBXBuildFile; fileRef = 83C837BF2C207F360004F54E /* Assets.xcassets */; };
		83C837C32C207F360004F54E /* Preview Assets.xcassets in Resources */ = {isa = PBXBuildFile; fileRef = 83C837C22C207F360004F54E /* Preview Assets.xcassets */; };
		83C837CB2C20AAE50004F54E /* heresdk.xcframework in Frameworks */ = {isa = PBXBuildFile; fileRef = 83C837CA2C20AAE50004F54E /* heresdk.xcframework */; };
		83C837CC2C20AAE50004F54E /* heresdk.xcframework in Embed Frameworks */ = {isa = PBXBuildFile; fileRef = 83C837CA2C20AAE50004F54E /* heresdk.xcframework */; settings = {ATTRIBUTES = (CodeSignOnCopy, RemoveHeadersOnCopy, ); }; };
		8639ECB82CDA8F2B005FD0A3 /* ContentView.swift in Sources */ = {isa = PBXBuildFile; fileRef = 8639ECB72CDA8F2A005FD0A3 /* ContentView.swift */; };
		8639ECBA2CDA8F38005FD0A3 /* CustomViews.swift in Sources */ = {isa = PBXBuildFile; fileRef = 8639ECB92CDA8F35005FD0A3 /* CustomViews.swift */; };
		8639ECBC2CDA8F53005FD0A3 /* VoiceAssistant.swift in Sources */ = {isa = PBXBuildFile; fileRef = 8639ECBB2CDA8F52005FD0A3 /* VoiceAssistant.swift */; };
		8639ECBE2CDA8F5C005FD0A3 /* TimeUtils.swift in Sources */ = {isa = PBXBuildFile; fileRef = 8639ECBD2CDA8F5B005FD0A3 /* TimeUtils.swift */; };
		8639ECC02CDA8F68005FD0A3 /* RouteCalculator.swift in Sources */ = {isa = PBXBuildFile; fileRef = 8639ECBF2CDA8F66005FD0A3 /* RouteCalculator.swift */; };
		8639ECC42CDA8F84005FD0A3 /* NavigationHandler.swift in Sources */ = {isa = PBXBuildFile; fileRef = 8639ECC32CDA8F83005FD0A3 /* NavigationHandler.swift */; };
		8639ECC62CDA8F97005FD0A3 /* NavigationAppLogic.swift in Sources */ = {isa = PBXBuildFile; fileRef = 8639ECC52CDA8F93005FD0A3 /* NavigationAppLogic.swift */; };
		8639ECC82CDA8FA0005FD0A3 /* NavigationApp.swift in Sources */ = {isa = PBXBuildFile; fileRef = 8639ECC72CDA8F9F005FD0A3 /* NavigationApp.swift */; };
		8639ECCA2CDA8FA8005FD0A3 /* LanguageCodeConverter.swift in Sources */ = {isa = PBXBuildFile; fileRef = 8639ECC92CDA8FA7005FD0A3 /* LanguageCodeConverter.swift */; };
		8639ECCC2CDA8FB0005FD0A3 /* HEREPositioningSimulator.swift in Sources */ = {isa = PBXBuildFile; fileRef = 8639ECCB2CDA8FAE005FD0A3 /* HEREPositioningSimulator.swift */; };
		8639ECCE2CDA8FBE005FD0A3 /* HEREPositioningProvider.swift in Sources */ = {isa = PBXBuildFile; fileRef = 8639ECCD2CDA8FBD005FD0A3 /* HEREPositioningProvider.swift */; };
		8639ECD02CDA94EA005FD0A3 /* NavigationExample.swift in Sources */ = {isa = PBXBuildFile; fileRef = 8639ECCF2CDA94E5005FD0A3 /* NavigationExample.swift */; };
/* End PBXBuildFile section */

/* Begin PBXCopyFilesBuildPhase section */
		83C837CD2C20AAE50004F54E /* Embed Frameworks */ = {
			isa = PBXCopyFilesBuildPhase;
			buildActionMask = 2147483647;
			dstPath = "";
			dstSubfolderSpec = 10;
			files = (
				83C837CC2C20AAE50004F54E /* heresdk.xcframework in Embed Frameworks */,
			);
			name = "Embed Frameworks";
			runOnlyForDeploymentPostprocessing = 0;
		};
/* End PBXCopyFilesBuildPhase section */

/* Begin PBXFileReference section */
		83C837B82C207F340004F54E /* Navigation.app */ = {isa = PBXFileReference; explicitFileType = wrapper.application; includeInIndex = 0; path = Navigation.app; sourceTree = BUILT_PRODUCTS_DIR; };
		83C837BF2C207F360004F54E /* Assets.xcassets */ = {isa = PBXFileReference; lastKnownFileType = folder.assetcatalog; path = Assets.xcassets; sourceTree = "<group>"; };
		83C837C22C207F360004F54E /* Preview Assets.xcassets */ = {isa = PBXFileReference; lastKnownFileType = folder.assetcatalog; path = "Preview Assets.xcassets"; sourceTree = "<group>"; };
		83C837CA2C20AAE50004F54E /* heresdk.xcframework */ = {isa = PBXFileReference; lastKnownFileType = wrapper.xcframework; path = heresdk.xcframework; sourceTree = "<group>"; };
		8639ECB72CDA8F2A005FD0A3 /* ContentView.swift */ = {isa = PBXFileReference; lastKnownFileType = sourcecode.swift; path = ContentView.swift; sourceTree = "<group>"; };
		8639ECB92CDA8F35005FD0A3 /* CustomViews.swift */ = {isa = PBXFileReference; lastKnownFileType = sourcecode.swift; path = CustomViews.swift; sourceTree = "<group>"; };
		8639ECBB2CDA8F52005FD0A3 /* VoiceAssistant.swift */ = {isa = PBXFileReference; lastKnownFileType = sourcecode.swift; path = VoiceAssistant.swift; sourceTree = "<group>"; };
		8639ECBD2CDA8F5B005FD0A3 /* TimeUtils.swift */ = {isa = PBXFileReference; lastKnownFileType = sourcecode.swift; path = TimeUtils.swift; sourceTree = "<group>"; };
		8639ECBF2CDA8F66005FD0A3 /* RouteCalculator.swift */ = {isa = PBXFileReference; lastKnownFileType = sourcecode.swift; path = RouteCalculator.swift; sourceTree = "<group>"; };
		8639ECC32CDA8F83005FD0A3 /* NavigationHandler.swift */ = {isa = PBXFileReference; lastKnownFileType = sourcecode.swift; path = NavigationHandler.swift; sourceTree = "<group>"; };
		8639ECC52CDA8F93005FD0A3 /* NavigationAppLogic.swift */ = {isa = PBXFileReference; lastKnownFileType = sourcecode.swift; path = NavigationAppLogic.swift; sourceTree = "<group>"; };
		8639ECC72CDA8F9F005FD0A3 /* NavigationApp.swift */ = {isa = PBXFileReference; lastKnownFileType = sourcecode.swift; path = NavigationApp.swift; sourceTree = "<group>"; };
		8639ECC92CDA8FA7005FD0A3 /* LanguageCodeConverter.swift */ = {isa = PBXFileReference; lastKnownFileType = sourcecode.swift; path = LanguageCodeConverter.swift; sourceTree = "<group>"; };
		8639ECCB2CDA8FAE005FD0A3 /* HEREPositioningSimulator.swift */ = {isa = PBXFileReference; lastKnownFileType = sourcecode.swift; path = HEREPositioningSimulator.swift; sourceTree = "<group>"; };
		8639ECCD2CDA8FBD005FD0A3 /* HEREPositioningProvider.swift */ = {isa = PBXFileReference; lastKnownFileType = sourcecode.swift; path = HEREPositioningProvider.swift; sourceTree = "<group>"; };
		8639ECCF2CDA94E5005FD0A3 /* NavigationExample.swift */ = {isa = PBXFileReference; lastKnownFileType = sourcecode.swift; path = NavigationExample.swift; sourceTree = "<group>"; };
		8639ECD12CDA9517005FD0A3 /* Info.plist */ = {isa = PBXFileReference; lastKnownFileType = text.plist; path = Info.plist; sourceTree = "<group>"; };
/* End PBXFileReference section */

/* Begin PBXFrameworksBuildPhase section */
		83C837B52C207F340004F54E /* Frameworks */ = {
			isa = PBXFrameworksBuildPhase;
			buildActionMask = 2147483647;
			files = (
				83C837CB2C20AAE50004F54E /* heresdk.xcframework in Frameworks */,
			);
			runOnlyForDeploymentPostprocessing = 0;
		};
/* End PBXFrameworksBuildPhase section */

/* Begin PBXGroup section */
		83C837AF2C207F340004F54E = {
			isa = PBXGroup;
			children = (
				83C837BA2C207F340004F54E /* Navigation */,
				83C837B92C207F340004F54E /* Products */,
				83C837C92C20AAE50004F54E /* Frameworks */,
			);
			sourceTree = "<group>";
		};
		83C837B92C207F340004F54E /* Products */ = {
			isa = PBXGroup;
			children = (
				83C837B82C207F340004F54E /* Navigation.app */,
			);
			name = Products;
			sourceTree = "<group>";
		};
		83C837BA2C207F340004F54E /* Navigation */ = {
			isa = PBXGroup;
			children = (
				8639ECC72CDA8F9F005FD0A3 /* NavigationApp.swift */,
				8639ECB72CDA8F2A005FD0A3 /* ContentView.swift */,
				8639ECB92CDA8F35005FD0A3 /* CustomViews.swift */,
				8639ECC52CDA8F93005FD0A3 /* NavigationAppLogic.swift */,
				8639ECCF2CDA94E5005FD0A3 /* NavigationExample.swift */,
				8639ECC32CDA8F83005FD0A3 /* NavigationHandler.swift */,
				8639ECCD2CDA8FBD005FD0A3 /* HEREPositioningProvider.swift */,
				8639ECCB2CDA8FAE005FD0A3 /* HEREPositioningSimulator.swift */,
				8639ECC92CDA8FA7005FD0A3 /* LanguageCodeConverter.swift */,
				8639ECBF2CDA8F66005FD0A3 /* RouteCalculator.swift */,
				8639ECBB2CDA8F52005FD0A3 /* VoiceAssistant.swift */,
				8639ECBD2CDA8F5B005FD0A3 /* TimeUtils.swift */,
				8639ECD12CDA9517005FD0A3 /* Info.plist */,
				83C837BF2C207F360004F54E /* Assets.xcassets */,
				83C837C12C207F360004F54E /* Preview Content */,
			);
			path = Navigation;
			sourceTree = "<group>";
		};
		83C837C12C207F360004F54E /* Preview Content */ = {
			isa = PBXGroup;
			children = (
				83C837C22C207F360004F54E /* Preview Assets.xcassets */,
			);
			path = "Preview Content";
			sourceTree = "<group>";
		};
		83C837C92C20AAE50004F54E /* Frameworks */ = {
			isa = PBXGroup;
			children = (
				83C837CA2C20AAE50004F54E /* heresdk.xcframework */,
			);
			name = Frameworks;
			sourceTree = "<group>";
		};
/* End PBXGroup section */

/* Begin PBXNativeTarget section */
		83C837B72C207F340004F54E /* Navigation */ = {
			isa = PBXNativeTarget;
			buildConfigurationList = 83C837C62C207F360004F54E /* Build configuration list for PBXNativeTarget "Navigation" */;
			buildPhases = (
				83C837B42C207F340004F54E /* Sources */,
				83C837B52C207F340004F54E /* Frameworks */,
				83C837B62C207F340004F54E /* Resources */,
				83C837CD2C20AAE50004F54E /* Embed Frameworks */,
			);
			buildRules = (
			);
			dependencies = (
			);
			name = Navigation;
			productName = Navigation;
			productReference = 83C837B82C207F340004F54E /* Navigation.app */;
			productType = "com.apple.product-type.application";
		};
/* End PBXNativeTarget section */

/* Begin PBXProject section */
		83C837B02C207F340004F54E /* Project object */ = {
			isa = PBXProject;
			attributes = {
				BuildIndependentTargetsInParallel = 1;
				LastSwiftUpdateCheck = 1500;
				LastUpgradeCheck = 1500;
				TargetAttributes = {
					83C837B72C207F340004F54E = {
						CreatedOnToolsVersion = 15.0.1;
						LastSwiftMigration = 1610;
					};
				};
			};
			buildConfigurationList = 83C837B32C207F340004F54E /* Build configuration list for PBXProject "Navigation" */;
			compatibilityVersion = "Xcode 14.0";
			developmentRegion = en;
			hasScannedForEncodings = 0;
			knownRegions = (
				en,
				Base,
			);
			mainGroup = 83C837AF2C207F340004F54E;
			productRefGroup = 83C837B92C207F340004F54E /* Products */;
			projectDirPath = "";
			projectRoot = "";
			targets = (
				83C837B72C207F340004F54E /* Navigation */,
			);
		};
/* End PBXProject section */

/* Begin PBXResourcesBuildPhase section */
		83C837B62C207F340004F54E /* Resources */ = {
			isa = PBXResourcesBuildPhase;
			buildActionMask = 2147483647;
			files = (
				83C837C32C207F360004F54E /* Preview Assets.xcassets in Resources */,
				83C837C02C207F360004F54E /* Assets.xcassets in Resources */,
			);
			runOnlyForDeploymentPostprocessing = 0;
		};
/* End PBXResourcesBuildPhase section */

/* Begin PBXSourcesBuildPhase section */
		83C837B42C207F340004F54E /* Sources */ = {
			isa = PBXSourcesBuildPhase;
			buildActionMask = 2147483647;
			files = (
				8639ECB82CDA8F2B005FD0A3 /* ContentView.swift in Sources */,
				8639ECC42CDA8F84005FD0A3 /* NavigationHandler.swift in Sources */,
				8639ECC62CDA8F97005FD0A3 /* NavigationAppLogic.swift in Sources */,
				8639ECBC2CDA8F53005FD0A3 /* VoiceAssistant.swift in Sources */,
				8639ECCE2CDA8FBE005FD0A3 /* HEREPositioningProvider.swift in Sources */,
				8639ECCC2CDA8FB0005FD0A3 /* HEREPositioningSimulator.swift in Sources */,
				8639ECC02CDA8F68005FD0A3 /* RouteCalculator.swift in Sources */,
				8639ECBE2CDA8F5C005FD0A3 /* TimeUtils.swift in Sources */,
				8639ECBA2CDA8F38005FD0A3 /* CustomViews.swift in Sources */,
				8639ECC82CDA8FA0005FD0A3 /* NavigationApp.swift in Sources */,
				8639ECD02CDA94EA005FD0A3 /* NavigationExample.swift in Sources */,
				8639ECCA2CDA8FA8005FD0A3 /* LanguageCodeConverter.swift in Sources */,
			);
			runOnlyForDeploymentPostprocessing = 0;
		};
/* End PBXSourcesBuildPhase section */

/* Begin XCBuildConfiguration section */
		83C837C42C207F360004F54E /* Debug */ = {
			isa = XCBuildConfiguration;
			buildSettings = {
				ALWAYS_SEARCH_USER_PATHS = NO;
				ASSETCATALOG_COMPILER_GENERATE_SWIFT_ASSET_SYMBOL_EXTENSIONS = YES;
				CLANG_ANALYZER_NONNULL = YES;
				CLANG_ANALYZER_NUMBER_OBJECT_CONVERSION = YES_AGGRESSIVE;
				CLANG_CXX_LANGUAGE_STANDARD = "gnu++20";
				CLANG_ENABLE_MODULES = YES;
				CLANG_ENABLE_OBJC_ARC = YES;
				CLANG_ENABLE_OBJC_WEAK = YES;
				CLANG_WARN_BLOCK_CAPTURE_AUTORELEASING = YES;
				CLANG_WARN_BOOL_CONVERSION = YES;
				CLANG_WARN_COMMA = YES;
				CLANG_WARN_CONSTANT_CONVERSION = YES;
				CLANG_WARN_DEPRECATED_OBJC_IMPLEMENTATIONS = YES;
				CLANG_WARN_DIRECT_OBJC_ISA_USAGE = YES_ERROR;
				CLANG_WARN_DOCUMENTATION_COMMENTS = YES;
				CLANG_WARN_EMPTY_BODY = YES;
				CLANG_WARN_ENUM_CONVERSION = YES;
				CLANG_WARN_INFINITE_RECURSION = YES;
				CLANG_WARN_INT_CONVERSION = YES;
				CLANG_WARN_NON_LITERAL_NULL_CONVERSION = YES;
				CLANG_WARN_OBJC_IMPLICIT_RETAIN_SELF = YES;
				CLANG_WARN_OBJC_LITERAL_CONVERSION = YES;
				CLANG_WARN_OBJC_ROOT_CLASS = YES_ERROR;
				CLANG_WARN_QUOTED_INCLUDE_IN_FRAMEWORK_HEADER = YES;
				CLANG_WARN_RANGE_LOOP_ANALYSIS = YES;
				CLANG_WARN_STRICT_PROTOTYPES = YES;
				CLANG_WARN_SUSPICIOUS_MOVE = YES;
				CLANG_WARN_UNGUARDED_AVAILABILITY = YES_AGGRESSIVE;
				CLANG_WARN_UNREACHABLE_CODE = YES;
				CLANG_WARN__DUPLICATE_METHOD_MATCH = YES;
				COPY_PHASE_STRIP = NO;
				DEBUG_INFORMATION_FORMAT = dwarf;
				ENABLE_STRICT_OBJC_MSGSEND = YES;
				ENABLE_TESTABILITY = YES;
				ENABLE_USER_SCRIPT_SANDBOXING = YES;
				GCC_C_LANGUAGE_STANDARD = gnu17;
				GCC_DYNAMIC_NO_PIC = NO;
				GCC_NO_COMMON_BLOCKS = YES;
				GCC_OPTIMIZATION_LEVEL = 0;
				GCC_PREPROCESSOR_DEFINITIONS = (
					"DEBUG=1",
					"$(inherited)",
				);
				GCC_WARN_64_TO_32_BIT_CONVERSION = YES;
				GCC_WARN_ABOUT_RETURN_TYPE = YES_ERROR;
				GCC_WARN_UNDECLARED_SELECTOR = YES;
				GCC_WARN_UNINITIALIZED_AUTOS = YES_AGGRESSIVE;
				GCC_WARN_UNUSED_FUNCTION = YES;
				GCC_WARN_UNUSED_VARIABLE = YES;
				IPHONEOS_DEPLOYMENT_TARGET = 15.2;
				LOCALIZATION_PREFERS_STRING_CATALOGS = YES;
				MTL_ENABLE_DEBUG_INFO = INCLUDE_SOURCE;
				MTL_FAST_MATH = YES;
				ONLY_ACTIVE_ARCH = YES;
				SDKROOT = iphoneos;
				SWIFT_ACTIVE_COMPILATION_CONDITIONS = "DEBUG $(inherited)";
				SWIFT_OPTIMIZATION_LEVEL = "-Onone";
			};
			name = Debug;
		};
		83C837C52C207F360004F54E /* Release */ = {
			isa = XCBuildConfiguration;
			buildSettings = {
				ALWAYS_SEARCH_USER_PATHS = NO;
				ASSETCATALOG_COMPILER_GENERATE_SWIFT_ASSET_SYMBOL_EXTENSIONS = YES;
				CLANG_ANALYZER_NONNULL = YES;
				CLANG_ANALYZER_NUMBER_OBJECT_CONVERSION = YES_AGGRESSIVE;
				CLANG_CXX_LANGUAGE_STANDARD = "gnu++20";
				CLANG_ENABLE_MODULES = YES;
				CLANG_ENABLE_OBJC_ARC = YES;
				CLANG_ENABLE_OBJC_WEAK = YES;
				CLANG_WARN_BLOCK_CAPTURE_AUTORELEASING = YES;
				CLANG_WARN_BOOL_CONVERSION = YES;
				CLANG_WARN_COMMA = YES;
				CLANG_WARN_CONSTANT_CONVERSION = YES;
				CLANG_WARN_DEPRECATED_OBJC_IMPLEMENTATIONS = YES;
				CLANG_WARN_DIRECT_OBJC_ISA_USAGE = YES_ERROR;
				CLANG_WARN_DOCUMENTATION_COMMENTS = YES;
				CLANG_WARN_EMPTY_BODY = YES;
				CLANG_WARN_ENUM_CONVERSION = YES;
				CLANG_WARN_INFINITE_RECURSION = YES;
				CLANG_WARN_INT_CONVERSION = YES;
				CLANG_WARN_NON_LITERAL_NULL_CONVERSION = YES;
				CLANG_WARN_OBJC_IMPLICIT_RETAIN_SELF = YES;
				CLANG_WARN_OBJC_LITERAL_CONVERSION = YES;
				CLANG_WARN_OBJC_ROOT_CLASS = YES_ERROR;
				CLANG_WARN_QUOTED_INCLUDE_IN_FRAMEWORK_HEADER = YES;
				CLANG_WARN_RANGE_LOOP_ANALYSIS = YES;
				CLANG_WARN_STRICT_PROTOTYPES = YES;
				CLANG_WARN_SUSPICIOUS_MOVE = YES;
				CLANG_WARN_UNGUARDED_AVAILABILITY = YES_AGGRESSIVE;
				CLANG_WARN_UNREACHABLE_CODE = YES;
				CLANG_WARN__DUPLICATE_METHOD_MATCH = YES;
				COPY_PHASE_STRIP = NO;
				DEBUG_INFORMATION_FORMAT = "dwarf-with-dsym";
				ENABLE_NS_ASSERTIONS = NO;
				ENABLE_STRICT_OBJC_MSGSEND = YES;
				ENABLE_USER_SCRIPT_SANDBOXING = YES;
				GCC_C_LANGUAGE_STANDARD = gnu17;
				GCC_NO_COMMON_BLOCKS = YES;
				GCC_WARN_64_TO_32_BIT_CONVERSION = YES;
				GCC_WARN_ABOUT_RETURN_TYPE = YES_ERROR;
				GCC_WARN_UNDECLARED_SELECTOR = YES;
				GCC_WARN_UNINITIALIZED_AUTOS = YES_AGGRESSIVE;
				GCC_WARN_UNUSED_FUNCTION = YES;
				GCC_WARN_UNUSED_VARIABLE = YES;
				IPHONEOS_DEPLOYMENT_TARGET = 15.2;
				LOCALIZATION_PREFERS_STRING_CATALOGS = YES;
				MTL_ENABLE_DEBUG_INFO = NO;
				MTL_FAST_MATH = YES;
				SDKROOT = iphoneos;
				SWIFT_COMPILATION_MODE = wholemodule;
				VALIDATE_PRODUCT = YES;
			};
			name = Release;
		};
		83C837C72C207F360004F54E /* Debug */ = {
			isa = XCBuildConfiguration;
			buildSettings = {
				ASSETCATALOG_COMPILER_APPICON_NAME = AppIcon;
				ASSETCATALOG_COMPILER_GLOBAL_ACCENT_COLOR_NAME = AccentColor;
				CLANG_ENABLE_MODULES = YES;
				CODE_SIGN_STYLE = Automatic;
				CURRENT_PROJECT_VERSION = 1;
				DEVELOPMENT_ASSET_PATHS = "\"Navigation/Preview Content\"";
				DEVELOPMENT_TEAM = "";
				ENABLE_PREVIEWS = YES;
				GENERATE_INFOPLIST_FILE = YES;
				INFOPLIST_FILE = Navigation/Info.plist;
				INFOPLIST_KEY_UIApplicationSceneManifest_Generation = YES;
				INFOPLIST_KEY_UIApplicationSupportsIndirectInputEvents = YES;
				INFOPLIST_KEY_UILaunchScreen_Generation = YES;
				INFOPLIST_KEY_UISupportedInterfaceOrientations_iPad = "UIInterfaceOrientationPortrait UIInterfaceOrientationPortraitUpsideDown UIInterfaceOrientationLandscapeLeft UIInterfaceOrientationLandscapeRight";
				INFOPLIST_KEY_UISupportedInterfaceOrientations_iPhone = "UIInterfaceOrientationPortrait UIInterfaceOrientationLandscapeLeft UIInterfaceOrientationLandscapeRight";
				LD_RUNPATH_SEARCH_PATHS = (
					"$(inherited)",
					"@executable_path/Frameworks",
				);
				MARKETING_VERSION = 1.0;
				PRODUCT_BUNDLE_IDENTIFIER = com.here.sdk.examples;
				PRODUCT_NAME = "$(TARGET_NAME)";
				SWIFT_EMIT_LOC_STRINGS = YES;
				SWIFT_OPTIMIZATION_LEVEL = "-Onone";
				SWIFT_VERSION = 5.0;
				TARGETED_DEVICE_FAMILY = "1,2";
			};
			name = Debug;
		};
		83C837C82C207F360004F54E /* Release */ = {
			isa = XCBuildConfiguration;
			buildSettings = {
				ASSETCATALOG_COMPILER_APPICON_NAME = AppIcon;
				ASSETCATALOG_COMPILER_GLOBAL_ACCENT_COLOR_NAME = AccentColor;
				CLANG_ENABLE_MODULES = YES;
				CODE_SIGN_STYLE = Automatic;
				CURRENT_PROJECT_VERSION = 1;
				DEVELOPMENT_ASSET_PATHS = "\"Navigation/Preview Content\"";
				DEVELOPMENT_TEAM = "";
				ENABLE_PREVIEWS = YES;
				GENERATE_INFOPLIST_FILE = YES;
				INFOPLIST_FILE = Navigation/Info.plist;
				INFOPLIST_KEY_UIApplicationSceneManifest_Generation = YES;
				INFOPLIST_KEY_UIApplicationSupportsIndirectInputEvents = YES;
				INFOPLIST_KEY_UILaunchScreen_Generation = YES;
				INFOPLIST_KEY_UISupportedInterfaceOrientations_iPad = "UIInterfaceOrientationPortrait UIInterfaceOrientationPortraitUpsideDown UIInterfaceOrientationLandscapeLeft UIInterfaceOrientationLandscapeRight";
				INFOPLIST_KEY_UISupportedInterfaceOrientations_iPhone = "UIInterfaceOrientationPortrait UIInterfaceOrientationLandscapeLeft UIInterfaceOrientationLandscapeRight";
				LD_RUNPATH_SEARCH_PATHS = (
					"$(inherited)",
					"@executable_path/Frameworks",
				);
				MARKETING_VERSION = 1.0;
				PRODUCT_BUNDLE_IDENTIFIER = com.here.sdk.examples;
				PRODUCT_NAME = "$(TARGET_NAME)";
				SWIFT_EMIT_LOC_STRINGS = YES;
				SWIFT_VERSION = 5.0;
				TARGETED_DEVICE_FAMILY = "1,2";
			};
			name = Release;
		};
/* End XCBuildConfiguration section */

/* Begin XCConfigurationList section */
		83C837B32C207F340004F54E /* Build configuration list for PBXProject "Navigation" */ = {
			isa = XCConfigurationList;
			buildConfigurations = (
				83C837C42C207F360004F54E /* Debug */,
				83C837C52C207F360004F54E /* Release */,
			);
			defaultConfigurationIsVisible = 0;
			defaultConfigurationName = Release;
		};
		83C837C62C207F360004F54E /* Build configuration list for PBXNativeTarget "Navigation" */ = {
			isa = XCConfigurationList;
			buildConfigurations = (
				83C837C72C207F360004F54E /* Debug */,
				83C837C82C207F360004F54E /* Release */,
			);
			defaultConfigurationIsVisible = 0;
			defaultConfigurationName = Release;
		};
/* End XCConfigurationList section */
	};
	rootObject = 83C837B02C207F340004F54E /* Project object */;
}
