// !$*UTF8*$!
{
	archiveVersion = 1;
	classes = {
	};
	objectVersion = 60;
	objects = {

/* Begin PBXBuildFile section */
		83C837C02C207F360004F54E /* Assets.xcassets in Resources */ = {isa = PBXBuildFile; fileRef = 83C837BF2C207F360004F54E /* Assets.xcassets */; };
		83C837C32C207F360004F54E /* Preview Assets.xcassets in Resources */ = {isa = PBXBuildFile; fileRef = 83C837C22C207F360004F54E /* Preview Assets.xcassets */; };
		83C837CB2C20AAE50004F54E /* heresdk.xcframework in Frameworks */ = {isa = PBXBuildFile; fileRef = 83C837CA2C20AAE50004F54E /* heresdk.xcframework */; };
		83C837CC2C20AAE50004F54E /* heresdk.xcframework in Embed Frameworks */ = {isa = PBXBuildFile; fileRef = 83C837CA2C20AAE50004F54E /* heresdk.xcframework */; settings = {ATTRIBUTES = (CodeSignOnCopy, RemoveHeadersOnCopy, ); }; };
		862759472CDCC1C900A0D4E1 /* ContentView.swift in Sources */ = {isa = PBXBuildFile; fileRef = 862759462CDCC1C400A0D4E1 /* ContentView.swift */; };
		8627594B2CDCC24700A0D4E1 /* CustomMenuView.swift in Sources */ = {isa = PBXBuildFile; fileRef = 8627594A2CDCC24200A0D4E1 /* CustomMenuView.swift */; };
		8627594D2CDCC2B200A0D4E1 /* MapItemsApp.swift in Sources */ = {isa = PBXBuildFile; fileRef = 8627594C2CDCC2AD00A0D4E1 /* MapItemsApp.swift */; };
		8639ECAC2CDA7FE1005FD0A3 /* MapItemsExample.swift in Sources */ = {isa = PBXBuildFile; fileRef = 8639ECAB2CDA7FE0005FD0A3 /* MapItemsExample.swift */; };
		8639ECAE2CDA7FED005FD0A3 /* MapObjectsExample.swift in Sources */ = {isa = PBXBuildFile; fileRef = 8639ECAD2CDA7FEC005FD0A3 /* MapObjectsExample.swift */; };
		8639ECB02CDA7FF6005FD0A3 /* MapViewPinsExample.swift in Sources */ = {isa = PBXBuildFile; fileRef = 8639ECAF2CDA7FF5005FD0A3 /* MapViewPinsExample.swift */; };
		8666F5EF2CE39E0400385C39 /* obstacle.obj in Resources */ = {isa = PBXBuildFile; fileRef = 8666F5EB2CE39E0300385C39 /* obstacle.obj */; };
		8666F5F02CE39E0400385C39 /* poi_texture.png in Resources */ = {isa = PBXBuildFile; fileRef = 8666F5EC2CE39E0300385C39 /* poi_texture.png */; };
		8666F5F12CE39E0400385C39 /* obstacle_texture.png in Resources */ = {isa = PBXBuildFile; fileRef = 8666F5ED2CE39E0400385C39 /* obstacle_texture.png */; };
		8666F5F22CE39E0400385C39 /* plane.obj in Resources */ = {isa = PBXBuildFile; fileRef = 8666F5EE2CE39E0400385C39 /* plane.obj */; };
		DCB4B3A92E867EC50097A0C4 /* SignTextNarrow_Bold.ttf in Resources */ = {isa = PBXBuildFile; fileRef = DCB4B3A82E867EC50097A0C4 /* SignTextNarrow_Bold.ttf */; };
		DCB4B3AA2E867EC50097A0C4 /* SignTextNarrow.LICENSE in Resources */ = {isa = PBXBuildFile; fileRef = DCB4B3A72E867EC50097A0C4 /* SignTextNarrow.LICENSE */; };
/* End PBXBuildFile section */

/* Begin PBXCopyFilesBuildPhase section */
		83C837CD2C20AAE50004F54E /* Embed Frameworks */ = {
			isa = PBXCopyFilesBuildPhase;
			buildActionMask = 2147483647;
			dstPath = "";
			dstSubfolderSpec = 10;
			files = (
				83C837CC2C20AAE50004F54E /* heresdk.xcframework in Embed Frameworks */,
			);
			name = "Embed Frameworks";
			runOnlyForDeploymentPostprocessing = 0;
		};
/* End PBXCopyFilesBuildPhase section */

/* Begin PBXFileReference section */
		83C837B82C207F340004F54E /* MapItems.app */ = {isa = PBXFileReference; explicitFileType = wrapper.application; includeInIndex = 0; path = MapItems.app; sourceTree = BUILT_PRODUCTS_DIR; };
		83C837BF2C207F360004F54E /* Assets.xcassets */ = {isa = PBXFileReference; lastKnownFileType = folder.assetcatalog; path = Assets.xcassets; sourceTree = "<group>"; };
		83C837C22C207F360004F54E /* Preview Assets.xcassets */ = {isa = PBXFileReference; lastKnownFileType = folder.assetcatalog; path = "Preview Assets.xcassets"; sourceTree = "<group>"; };
		83C837CA2C20AAE50004F54E /* heresdk.xcframework */ = {isa = PBXFileReference; lastKnownFileType = wrapper.xcframework; path = heresdk.xcframework; sourceTree = "<group>"; };
		862759462CDCC1C400A0D4E1 /* ContentView.swift */ = {isa = PBXFileReference; lastKnownFileType = sourcecode.swift; path = ContentView.swift; sourceTree = "<group>"; };
		8627594A2CDCC24200A0D4E1 /* CustomMenuView.swift */ = {isa = PBXFileReference; lastKnownFileType = sourcecode.swift; path = CustomMenuView.swift; sourceTree = "<group>"; };
		8627594C2CDCC2AD00A0D4E1 /* MapItemsApp.swift */ = {isa = PBXFileReference; lastKnownFileType = sourcecode.swift; path = MapItemsApp.swift; sourceTree = "<group>"; };
		8639ECAB2CDA7FE0005FD0A3 /* MapItemsExample.swift */ = {isa = PBXFileReference; lastKnownFileType = sourcecode.swift; path = MapItemsExample.swift; sourceTree = "<group>"; };
		8639ECAD2CDA7FEC005FD0A3 /* MapObjectsExample.swift */ = {isa = PBXFileReference; lastKnownFileType = sourcecode.swift; path = MapObjectsExample.swift; sourceTree = "<group>"; };
		8639ECAF2CDA7FF5005FD0A3 /* MapViewPinsExample.swift */ = {isa = PBXFileReference; lastKnownFileType = sourcecode.swift; path = MapViewPinsExample.swift; sourceTree = "<group>"; };
		8666F5EB2CE39E0300385C39 /* obstacle.obj */ = {isa = PBXFileReference; lastKnownFileType = text; name = obstacle.obj; path = ../assets/obstacle.obj; sourceTree = "<group>"; };
		8666F5EC2CE39E0300385C39 /* poi_texture.png */ = {isa = PBXFileReference; lastKnownFileType = image.png; name = poi_texture.png; path = ../assets/poi_texture.png; sourceTree = "<group>"; };
		8666F5ED2CE39E0400385C39 /* obstacle_texture.png */ = {isa = PBXFileReference; lastKnownFileType = image.png; name = obstacle_texture.png; path = ../assets/obstacle_texture.png; sourceTree = "<group>"; };
		8666F5EE2CE39E0400385C39 /* plane.obj */ = {isa = PBXFileReference; lastKnownFileType = text; name = plane.obj; path = ../assets/plane.obj; sourceTree = "<group>"; };
		DCB4B3A72E867EC50097A0C4 /* SignTextNarrow.LICENSE */ = {isa = PBXFileReference; lastKnownFileType = text; path = SignTextNarrow.LICENSE; sourceTree = "<group>"; };
		DCB4B3A82E867EC50097A0C4 /* SignTextNarrow_Bold.ttf */ = {isa = PBXFileReference; lastKnownFileType = file; path = SignTextNarrow_Bold.ttf; sourceTree = "<group>"; };
/* End PBXFileReference section */

/* Begin PBXFrameworksBuildPhase section */
		83C837B52C207F340004F54E /* Frameworks */ = {
			isa = PBXFrameworksBuildPhase;
			buildActionMask = 2147483647;
			files = (
				83C837CB2C20AAE50004F54E /* heresdk.xcframework in Frameworks */,
			);
			runOnlyForDeploymentPostprocessing = 0;
		};
/* End PBXFrameworksBuildPhase section */

/* Begin PBXGroup section */
		83C837AF2C207F340004F54E = {
			isa = PBXGroup;
			children = (
				8666F5F32CE39E3400385C39 /* assets */,
				83C837BA2C207F340004F54E /* MapItems */,
				83C837B92C207F340004F54E /* Products */,
				83C837C92C20AAE50004F54E /* Frameworks */,
			);
			sourceTree = "<group>";
		};
		83C837B92C207F340004F54E /* Products */ = {
			isa = PBXGroup;
			children = (
				83C837B82C207F340004F54E /* MapItems.app */,
			);
			name = Products;
			sourceTree = "<group>";
		};
		83C837BA2C207F340004F54E /* MapItems */ = {
			isa = PBXGroup;
			children = (
				8627594A2CDCC24200A0D4E1 /* CustomMenuView.swift */,
				862759462CDCC1C400A0D4E1 /* ContentView.swift */,
				8627594C2CDCC2AD00A0D4E1 /* MapItemsApp.swift */,
				8639ECAB2CDA7FE0005FD0A3 /* MapItemsExample.swift */,
				8639ECAD2CDA7FEC005FD0A3 /* MapObjectsExample.swift */,
				8639ECAF2CDA7FF5005FD0A3 /* MapViewPinsExample.swift */,
				83C837BF2C207F360004F54E /* Assets.xcassets */,
				83C837C12C207F360004F54E /* Preview Content */,
			);
			path = MapItems;
			sourceTree = "<group>";
		};
		83C837C12C207F360004F54E /* Preview Content */ = {
			isa = PBXGroup;
			children = (
				83C837C22C207F360004F54E /* Preview Assets.xcassets */,
			);
			path = "Preview Content";
			sourceTree = "<group>";
		};
		83C837C92C20AAE50004F54E /* Frameworks */ = {
			isa = PBXGroup;
			children = (
				83C837CA2C20AAE50004F54E /* heresdk.xcframework */,
			);
			name = Frameworks;
			sourceTree = "<group>";
		};
		8666F5F32CE39E3400385C39 /* assets */ = {
			isa = PBXGroup;
			children = (
				8666F5ED2CE39E0400385C39 /* obstacle_texture.png */,
				8666F5EE2CE39E0400385C39 /* plane.obj */,
				8666F5EC2CE39E0300385C39 /* poi_texture.png */,
				8666F5EB2CE39E0300385C39 /* obstacle.obj */,
				DCB4B3A72E867EC50097A0C4 /* SignTextNarrow.LICENSE */,
				DCB4B3A82E867EC50097A0C4 /* SignTextNarrow_Bold.ttf */,
			);
			path = assets;
			sourceTree = "<group>";
		};
/* End PBXGroup section */

/* Begin PBXNativeTarget section */
		83C837B72C207F340004F54E /* MapItems */ = {
			isa = PBXNativeTarget;
			buildConfigurationList = 83C837C62C207F360004F54E /* Build configuration list for PBXNativeTarget "MapItems" */;
			buildPhases = (
				83C837B42C207F340004F54E /* Sources */,
				83C837B52C207F340004F54E /* Frameworks */,
				83C837B62C207F340004F54E /* Resources */,
				83C837CD2C20AAE50004F54E /* Embed Frameworks */,
			);
			buildRules = (
			);
			dependencies = (
			);
			name = MapItems;
			productName = MapItems;
			productReference = 83C837B82C207F340004F54E /* MapItems.app */;
			productType = "com.apple.product-type.application";
		};
/* End PBXNativeTarget section */

/* Begin PBXProject section */
		83C837B02C207F340004F54E /* Project object */ = {
			isa = PBXProject;
			attributes = {
				BuildIndependentTargetsInParallel = 1;
				LastSwiftUpdateCheck = 1500;
				LastUpgradeCheck = 1500;
				TargetAttributes = {
					83C837B72C207F340004F54E = {
						CreatedOnToolsVersion = 15.0.1;
						LastSwiftMigration = 1610;
					};
				};
			};
			buildConfigurationList = 83C837B32C207F340004F54E /* Build configuration list for PBXProject "MapItems" */;
			compatibilityVersion = "Xcode 14.0";
			developmentRegion = en;
			hasScannedForEncodings = 0;
			knownRegions = (
				en,
				Base,
			);
			mainGroup = 83C837AF2C207F340004F54E;
			productRefGroup = 83C837B92C207F340004F54E /* Products */;
			projectDirPath = "";
			projectRoot = "";
			targets = (
				83C837B72C207F340004F54E /* MapItems */,
			);
		};
/* End PBXProject section */

/* Begin PBXResourcesBuildPhase section */
		83C837B62C207F340004F54E /* Resources */ = {
			isa = PBXResourcesBuildPhase;
			buildActionMask = 2147483647;
			files = (
				8666F5EF2CE39E0400385C39 /* obstacle.obj in Resources */,
				8666F5F02CE39E0400385C39 /* poi_texture.png in Resources */,
				8666F5F12CE39E0400385C39 /* obstacle_texture.png in Resources */,
				8666F5F22CE39E0400385C39 /* plane.obj in Resources */,
				DCB4B3A92E867EC50097A0C4 /* SignTextNarrow_Bold.ttf in Resources */,
				DCB4B3AA2E867EC50097A0C4 /* SignTextNarrow.LICENSE in Resources */,
				83C837C32C207F360004F54E /* Preview Assets.xcassets in Resources */,
				83C837C02C207F360004F54E /* Assets.xcassets in Resources */,
			);
			runOnlyForDeploymentPostprocessing = 0;
		};
/* End PBXResourcesBuildPhase section */

/* Begin PBXSourcesBuildPhase section */
		83C837B42C207F340004F54E /* Sources */ = {
			isa = PBXSourcesBuildPhase;
			buildActionMask = 2147483647;
			files = (
				8639ECAE2CDA7FED005FD0A3 /* MapObjectsExample.swift in Sources */,
				8639ECAC2CDA7FE1005FD0A3 /* MapItemsExample.swift in Sources */,
				8627594B2CDCC24700A0D4E1 /* CustomMenuView.swift in Sources */,
				862759472CDCC1C900A0D4E1 /* ContentView.swift in Sources */,
				8639ECB02CDA7FF6005FD0A3 /* MapViewPinsExample.swift in Sources */,
				8627594D2CDCC2B200A0D4E1 /* MapItemsApp.swift in Sources */,
			);
			runOnlyForDeploymentPostprocessing = 0;
		};
/* End PBXSourcesBuildPhase section */

/* Begin XCBuildConfiguration section */
		83C837C42C207F360004F54E /* Debug */ = {
			isa = XCBuildConfiguration;
			buildSettings = {
				ALWAYS_SEARCH_USER_PATHS = NO;
				ASSETCATALOG_COMPILER_GENERATE_SWIFT_ASSET_SYMBOL_EXTENSIONS = YES;
				CLANG_ANALYZER_NONNULL = YES;
				CLANG_ANALYZER_NUMBER_OBJECT_CONVERSION = YES_AGGRESSIVE;
				CLANG_CXX_LANGUAGE_STANDARD = "gnu++20";
				CLANG_ENABLE_MODULES = YES;
				CLANG_ENABLE_OBJC_ARC = YES;
				CLANG_ENABLE_OBJC_WEAK = YES;
				CLANG_WARN_BLOCK_CAPTURE_AUTORELEASING = YES;
				CLANG_WARN_BOOL_CONVERSION = YES;
				CLANG_WARN_COMMA = YES;
				CLANG_WARN_CONSTANT_CONVERSION = YES;
				CLANG_WARN_DEPRECATED_OBJC_IMPLEMENTATIONS = YES;
				CLANG_WARN_DIRECT_OBJC_ISA_USAGE = YES_ERROR;
				CLANG_WARN_DOCUMENTATION_COMMENTS = YES;
				CLANG_WARN_EMPTY_BODY = YES;
				CLANG_WARN_ENUM_CONVERSION = YES;
				CLANG_WARN_INFINITE_RECURSION = YES;
				CLANG_WARN_INT_CONVERSION = YES;
				CLANG_WARN_NON_LITERAL_NULL_CONVERSION = YES;
				CLANG_WARN_OBJC_IMPLICIT_RETAIN_SELF = YES;
				CLANG_WARN_OBJC_LITERAL_CONVERSION = YES;
				CLANG_WARN_OBJC_ROOT_CLASS = YES_ERROR;
				CLANG_WARN_QUOTED_INCLUDE_IN_FRAMEWORK_HEADER = YES;
				CLANG_WARN_RANGE_LOOP_ANALYSIS = YES;
				CLANG_WARN_STRICT_PROTOTYPES = YES;
				CLANG_WARN_SUSPICIOUS_MOVE = YES;
				CLANG_WARN_UNGUARDED_AVAILABILITY = YES_AGGRESSIVE;
				CLANG_WARN_UNREACHABLE_CODE = YES;
				CLANG_WARN__DUPLICATE_METHOD_MATCH = YES;
				COPY_PHASE_STRIP = NO;
				DEBUG_INFORMATION_FORMAT = dwarf;
				ENABLE_STRICT_OBJC_MSGSEND = YES;
				ENABLE_TESTABILITY = YES;
				ENABLE_USER_SCRIPT_SANDBOXING = YES;
				GCC_C_LANGUAGE_STANDARD = gnu17;
				GCC_DYNAMIC_NO_PIC = NO;
				GCC_NO_COMMON_BLOCKS = YES;
				GCC_OPTIMIZATION_LEVEL = 0;
				GCC_PREPROCESSOR_DEFINITIONS = (
					"DEBUG=1",
					"$(inherited)",
				);
				GCC_WARN_64_TO_32_BIT_CONVERSION = YES;
				GCC_WARN_ABOUT_RETURN_TYPE = YES_ERROR;
				GCC_WARN_UNDECLARED_SELECTOR = YES;
				GCC_WARN_UNINITIALIZED_AUTOS = YES_AGGRESSIVE;
				GCC_WARN_UNUSED_FUNCTION = YES;
				GCC_WARN_UNUSED_VARIABLE = YES;
				IPHONEOS_DEPLOYMENT_TARGET = 15.2;
				LOCALIZATION_PREFERS_STRING_CATALOGS = YES;
				MTL_ENABLE_DEBUG_INFO = INCLUDE_SOURCE;
				MTL_FAST_MATH = YES;
				ONLY_ACTIVE_ARCH = YES;
				SDKROOT = iphoneos;
				SWIFT_ACTIVE_COMPILATION_CONDITIONS = "DEBUG $(inherited)";
				SWIFT_OPTIMIZATION_LEVEL = "-Onone";
			};
			name = Debug;
		};
		83C837C52C207F360004F54E /* Release */ = {
			isa = XCBuildConfiguration;
			buildSettings = {
				ALWAYS_SEARCH_USER_PATHS = NO;
				ASSETCATALOG_COMPILER_GENERATE_SWIFT_ASSET_SYMBOL_EXTENSIONS = YES;
				CLANG_ANALYZER_NONNULL = YES;
				CLANG_ANALYZER_NUMBER_OBJECT_CONVERSION = YES_AGGRESSIVE;
				CLANG_CXX_LANGUAGE_STANDARD = "gnu++20";
				CLANG_ENABLE_MODULES = YES;
				CLANG_ENABLE_OBJC_ARC = YES;
				CLANG_ENABLE_OBJC_WEAK = YES;
				CLANG_WARN_BLOCK_CAPTURE_AUTORELEASING = YES;
				CLANG_WARN_BOOL_CONVERSION = YES;
				CLANG_WARN_COMMA = YES;
				CLANG_WARN_CONSTANT_CONVERSION = YES;
				CLANG_WARN_DEPRECATED_OBJC_IMPLEMENTATIONS = YES;
				CLANG_WARN_DIRECT_OBJC_ISA_USAGE = YES_ERROR;
				CLANG_WARN_DOCUMENTATION_COMMENTS = YES;
				CLANG_WARN_EMPTY_BODY = YES;
				CLANG_WARN_ENUM_CONVERSION = YES;
				CLANG_WARN_INFINITE_RECURSION = YES;
				CLANG_WARN_INT_CONVERSION = YES;
				CLANG_WARN_NON_LITERAL_NULL_CONVERSION = YES;
				CLANG_WARN_OBJC_IMPLICIT_RETAIN_SELF = YES;
				CLANG_WARN_OBJC_LITERAL_CONVERSION = YES;
				CLANG_WARN_OBJC_ROOT_CLASS = YES_ERROR;
				CLANG_WARN_QUOTED_INCLUDE_IN_FRAMEWORK_HEADER = YES;
				CLANG_WARN_RANGE_LOOP_ANALYSIS = YES;
				CLANG_WARN_STRICT_PROTOTYPES = YES;
				CLANG_WARN_SUSPICIOUS_MOVE = YES;
				CLANG_WARN_UNGUARDED_AVAILABILITY = YES_AGGRESSIVE;
				CLANG_WARN_UNREACHABLE_CODE = YES;
				CLANG_WARN__DUPLICATE_METHOD_MATCH = YES;
				COPY_PHASE_STRIP = NO;
				DEBUG_INFORMATION_FORMAT = "dwarf-with-dsym";
				ENABLE_NS_ASSERTIONS = NO;
				ENABLE_STRICT_OBJC_MSGSEND = YES;
				ENABLE_USER_SCRIPT_SANDBOXING = YES;
				GCC_C_LANGUAGE_STANDARD = gnu17;
				GCC_NO_COMMON_BLOCKS = YES;
				GCC_WARN_64_TO_32_BIT_CONVERSION = YES;
				GCC_WARN_ABOUT_RETURN_TYPE = YES_ERROR;
				GCC_WARN_UNDECLARED_SELECTOR = YES;
				GCC_WARN_UNINITIALIZED_AUTOS = YES_AGGRESSIVE;
				GCC_WARN_UNUSED_FUNCTION = YES;
				GCC_WARN_UNUSED_VARIABLE = YES;
				IPHONEOS_DEPLOYMENT_TARGET = 15.2;
				LOCALIZATION_PREFERS_STRING_CATALOGS = YES;
				MTL_ENABLE_DEBUG_INFO = NO;
				MTL_FAST_MATH = YES;
				SDKROOT = iphoneos;
				SWIFT_COMPILATION_MODE = wholemodule;
				VALIDATE_PRODUCT = YES;
			};
			name = Release;
		};
		83C837C72C207F360004F54E /* Debug */ = {
			isa = XCBuildConfiguration;
			buildSettings = {
				ASSETCATALOG_COMPILER_APPICON_NAME = AppIcon;
				ASSETCATALOG_COMPILER_GLOBAL_ACCENT_COLOR_NAME = AccentColor;
				CLANG_ENABLE_MODULES = YES;
				CODE_SIGN_STYLE = Automatic;
				CURRENT_PROJECT_VERSION = 1;
				DEVELOPMENT_ASSET_PATHS = "\"MapItems/Preview Content\"";
				DEVELOPMENT_TEAM = "";
				ENABLE_PREVIEWS = YES;
				GENERATE_INFOPLIST_FILE = YES;
				INFOPLIST_KEY_UIApplicationSceneManifest_Generation = YES;
				INFOPLIST_KEY_UIApplicationSupportsIndirectInputEvents = YES;
				INFOPLIST_KEY_UILaunchScreen_Generation = YES;
				INFOPLIST_KEY_UISupportedInterfaceOrientations_iPad = "UIInterfaceOrientationPortrait UIInterfaceOrientationPortraitUpsideDown UIInterfaceOrientationLandscapeLeft UIInterfaceOrientationLandscapeRight";
				INFOPLIST_KEY_UISupportedInterfaceOrientations_iPhone = "UIInterfaceOrientationPortrait UIInterfaceOrientationLandscapeLeft UIInterfaceOrientationLandscapeRight";
				IPHONEOS_DEPLOYMENT_TARGET = 15.2;
				LD_RUNPATH_SEARCH_PATHS = (
					"$(inherited)",
					"@executable_path/Frameworks",
				);
				MARKETING_VERSION = 1.0;
				PRODUCT_BUNDLE_IDENTIFIER = com.here.sdk.examples;
				PRODUCT_NAME = "$(TARGET_NAME)";
				SWIFT_EMIT_LOC_STRINGS = YES;
				SWIFT_OPTIMIZATION_LEVEL = "-Onone";
				SWIFT_VERSION = 5.0;
				TARGETED_DEVICE_FAMILY = "1,2";
			};
			name = Debug;
		};
		83C837C82C207F360004F54E /* Release */ = {
			isa = XCBuildConfiguration;
			buildSettings = {
				ASSETCATALOG_COMPILER_APPICON_NAME = AppIcon;
				ASSETCATALOG_COMPILER_GLOBAL_ACCENT_COLOR_NAME = AccentColor;
				CLANG_ENABLE_MODULES = YES;
				CODE_SIGN_STYLE = Automatic;
				CURRENT_PROJECT_VERSION = 1;
				DEVELOPMENT_ASSET_PATHS = "\"MapItems/Preview Content\"";
				DEVELOPMENT_TEAM = "";
				ENABLE_PREVIEWS = YES;
				GENERATE_INFOPLIST_FILE = YES;
				INFOPLIST_KEY_UIApplicationSceneManifest_Generation = YES;
				INFOPLIST_KEY_UIApplicationSupportsIndirectInputEvents = YES;
				INFOPLIST_KEY_UILaunchScreen_Generation = YES;
				INFOPLIST_KEY_UISupportedInterfaceOrientations_iPad = "UIInterfaceOrientationPortrait UIInterfaceOrientationPortraitUpsideDown UIInterfaceOrientationLandscapeLeft UIInterfaceOrientationLandscapeRight";
				INFOPLIST_KEY_UISupportedInterfaceOrientations_iPhone = "UIInterfaceOrientationPortrait UIInterfaceOrientationLandscapeLeft UIInterfaceOrientationLandscapeRight";
				IPHONEOS_DEPLOYMENT_TARGET = 15.2;
				LD_RUNPATH_SEARCH_PATHS = (
					"$(inherited)",
					"@executable_path/Frameworks",
				);
				MARKETING_VERSION = 1.0;
				PRODUCT_BUNDLE_IDENTIFIER = com.here.sdk.examples;
				PRODUCT_NAME = "$(TARGET_NAME)";
				SWIFT_EMIT_LOC_STRINGS = YES;
				SWIFT_VERSION = 5.0;
				TARGETED_DEVICE_FAMILY = "1,2";
			};
			name = Release;
		};
/* End XCBuildConfiguration section */

/* Begin XCConfigurationList section */
		83C837B32C207F340004F54E /* Build configuration list for PBXProject "MapItems" */ = {
			isa = XCConfigurationList;
			buildConfigurations = (
				83C837C42C207F360004F54E /* Debug */,
				83C837C52C207F360004F54E /* Release */,
			);
			defaultConfigurationIsVisible = 0;
			defaultConfigurationName = Release;
		};
		83C837C62C207F360004F54E /* Build configuration list for PBXNativeTarget "MapItems" */ = {
			isa = XCConfigurationList;
			buildConfigurations = (
				83C837C72C207F360004F54E /* Debug */,
				83C837C82C207F360004F54E /* Release */,
			);
			defaultConfigurationIsVisible = 0;
			defaultConfigurationName = Release;
		};
/* End XCConfigurationList section */
	};
	rootObject = 83C837B02C207F340004F54E /* Project object */;
}
