// !$*UTF8*$!
{
	archiveVersion = 1;
	classes = {
	};
	objectVersion = 52;
	objects = {

/* Begin PBXBuildFile section */
		B02A918A24B60CF900571C9D /* VenuesManager.xib in Resources */ = {isa = PBXBuildFile; fileRef = B02A918824B60CF900571C9D /* VenuesManager.xib */; };
		B02A919424B62C7700571C9D /* VenueTableViewCell.xib in Resources */ = {isa = PBXBuildFile; fileRef = B02A919224B62C7700571C9D /* VenueTableViewCell.xib */; };
		B02A919624B70C0400571C9D /* VenueTableViewCell.swift in Sources */ = {isa = PBXBuildFile; fileRef = B02A919524B70C0400571C9D /* VenueTableViewCell.swift */; };
		B045590F25C9854400BD2D8D /* IndoorRoutingUI.swift in Sources */ = {isa = PBXBuildFile; fileRef = B045590C25C9854400BD2D8D /* IndoorRoutingUI.swift */; };
		B045591025C9854400BD2D8D /* IndoorRoutingUI.xib in Resources */ = {isa = PBXBuildFile; fileRef = B045590D25C9854400BD2D8D /* IndoorRoutingUI.xib */; };
		B0479B9424B5D0C500EDEEEA /* VenuesManager.swift in Sources */ = {isa = PBXBuildFile; fileRef = B0479B9224B5D0C400EDEEEA /* VenuesManager.swift */; };
		B0479B9524B5D0C500EDEEEA /* VenueSearch.swift in Sources */ = {isa = PBXBuildFile; fileRef = B0479B9324B5D0C500EDEEEA /* VenueSearch.swift */; };
		B0479B9A24B5D16600EDEEEA /* VenueSearch.xib in Resources */ = {isa = PBXBuildFile; fileRef = B0479B9624B5D16600EDEEEA /* VenueSearch.xib */; };
		B058833124695EA400DEF143 /* Main.storyboard in Resources */ = {isa = PBXBuildFile; fileRef = C865242820B7E70F00392D48 /* Main.storyboard */; };
		B058833A2469623700DEF143 /* DrawingSwitcher.swift in Sources */ = {isa = PBXBuildFile; fileRef = B05883352469623600DEF143 /* DrawingSwitcher.swift */; };
		B058833B2469623700DEF143 /* LevelSwitcherDelegate.swift in Sources */ = {isa = PBXBuildFile; fileRef = B05883362469623600DEF143 /* LevelSwitcherDelegate.swift */; };
		B058833C2469623700DEF143 /* VenueTapHandler.swift in Sources */ = {isa = PBXBuildFile; fileRef = B05883372469623600DEF143 /* VenueTapHandler.swift */; };
		B058833D2469623700DEF143 /* LevelSwitcher.swift in Sources */ = {isa = PBXBuildFile; fileRef = B05883382469623600DEF143 /* LevelSwitcher.swift */; };
		B058833E2469623700DEF143 /* DrawingSwitcherDelegate.swift in Sources */ = {isa = PBXBuildFile; fileRef = B05883392469623600DEF143 /* DrawingSwitcherDelegate.swift */; };
		B05883432469624E00DEF143 /* DrawingSwitcher.xib in Resources */ = {isa = PBXBuildFile; fileRef = B058833F2469624E00DEF143 /* DrawingSwitcher.xib */; };
		B05883442469624E00DEF143 /* LevelSwitcher.xib in Resources */ = {isa = PBXBuildFile; fileRef = B05883412469624E00DEF143 /* LevelSwitcher.xib */; };
		B058835224696D2600DEF143 /* LaunchScreen.storyboard in Resources */ = {isa = PBXBuildFile; fileRef = B058835024696D2600DEF143 /* LaunchScreen.storyboard */; };
		B0DCC721246D8764006BC49A /* heresdk.xcframework in Frameworks */ = {isa = PBXBuildFile; fileRef = C88C016923CDFC7F00043918 /* heresdk.xcframework */; };
		B0DCC722246D8769006BC49A /* heresdk.xcframework in Embed Frameworks */ = {isa = PBXBuildFile; fileRef = C88C016923CDFC7F00043918 /* heresdk.xcframework */; settings = {ATTRIBUTES = (CodeSignOnCopy, ); }; };
		C865242520B7E70F00392D48 /* AppDelegate.swift in Sources */ = {isa = PBXBuildFile; fileRef = C865242420B7E70F00392D48 /* AppDelegate.swift */; };
		C865242720B7E70F00392D48 /* ViewController.swift in Sources */ = {isa = PBXBuildFile; fileRef = C865242620B7E70F00392D48 /* ViewController.swift */; };
		C865242C20B7E71200392D48 /* Assets.xcassets in Resources */ = {isa = PBXBuildFile; fileRef = C865242B20B7E71200392D48 /* Assets.xcassets */; };
/* End PBXBuildFile section */

/* Begin PBXCopyFilesBuildPhase section */
		C8CE86F12236C11600701A47 /* Embed Frameworks */ = {
			isa = PBXCopyFilesBuildPhase;
			buildActionMask = 2147483647;
			dstPath = "";
			dstSubfolderSpec = 10;
			files = (
				B0DCC722246D8769006BC49A /* heresdk.xcframework in Embed Frameworks */,
			);
			name = "Embed Frameworks";
			runOnlyForDeploymentPostprocessing = 0;
		};
/* End PBXCopyFilesBuildPhase section */

/* Begin PBXFileReference section */
		B02A918924B60CF900571C9D /* Base */ = {isa = PBXFileReference; lastKnownFileType = file.xib; name = Base; path = Base.lproj/VenuesManager.xib; sourceTree = "<group>"; };
		B02A919324B62C7700571C9D /* Base */ = {isa = PBXFileReference; lastKnownFileType = file.xib; name = Base; path = Base.lproj/VenueTableViewCell.xib; sourceTree = "<group>"; };
		B02A919524B70C0400571C9D /* VenueTableViewCell.swift */ = {isa = PBXFileReference; lastKnownFileType = sourcecode.swift; path = VenueTableViewCell.swift; sourceTree = "<group>"; };
		B045590C25C9854400BD2D8D /* IndoorRoutingUI.swift */ = {isa = PBXFileReference; fileEncoding = 4; lastKnownFileType = sourcecode.swift; path = IndoorRoutingUI.swift; sourceTree = "<group>"; };
		B045590E25C9854400BD2D8D /* Base */ = {isa = PBXFileReference; lastKnownFileType = file.xib; name = Base; path = Base.lproj/IndoorRoutingUI.xib; sourceTree = "<group>"; };
		B0479B9224B5D0C400EDEEEA /* VenuesManager.swift */ = {isa = PBXFileReference; fileEncoding = 4; lastKnownFileType = sourcecode.swift; path = VenuesManager.swift; sourceTree = "<group>"; };
		B0479B9324B5D0C500EDEEEA /* VenueSearch.swift */ = {isa = PBXFileReference; fileEncoding = 4; lastKnownFileType = sourcecode.swift; path = VenueSearch.swift; sourceTree = "<group>"; };
		B0479B9724B5D16600EDEEEA /* Base */ = {isa = PBXFileReference; lastKnownFileType = file.xib; name = Base; path = Base.lproj/VenueSearch.xib; sourceTree = "<group>"; };
		B058833324695ED800DEF143 /* Info.plist */ = {isa = PBXFileReference; fileEncoding = 4; lastKnownFileType = text.plist.xml; path = Info.plist; sourceTree = "<group>"; };
		B05883352469623600DEF143 /* DrawingSwitcher.swift */ = {isa = PBXFileReference; fileEncoding = 4; lastKnownFileType = sourcecode.swift; path = DrawingSwitcher.swift; sourceTree = "<group>"; };
		B05883362469623600DEF143 /* LevelSwitcherDelegate.swift */ = {isa = PBXFileReference; fileEncoding = 4; lastKnownFileType = sourcecode.swift; path = LevelSwitcherDelegate.swift; sourceTree = "<group>"; };
		B05883372469623600DEF143 /* VenueTapHandler.swift */ = {isa = PBXFileReference; fileEncoding = 4; lastKnownFileType = sourcecode.swift; path = VenueTapHandler.swift; sourceTree = "<group>"; };
		B05883382469623600DEF143 /* LevelSwitcher.swift */ = {isa = PBXFileReference; fileEncoding = 4; lastKnownFileType = sourcecode.swift; path = LevelSwitcher.swift; sourceTree = "<group>"; };
		B05883392469623600DEF143 /* DrawingSwitcherDelegate.swift */ = {isa = PBXFileReference; fileEncoding = 4; lastKnownFileType = sourcecode.swift; path = DrawingSwitcherDelegate.swift; sourceTree = "<group>"; };
		B05883402469624E00DEF143 /* Base */ = {isa = PBXFileReference; lastKnownFileType = file.xib; name = Base; path = Base.lproj/DrawingSwitcher.xib; sourceTree = "<group>"; };
		B05883422469624E00DEF143 /* Base */ = {isa = PBXFileReference; lastKnownFileType = file.xib; name = Base; path = Base.lproj/LevelSwitcher.xib; sourceTree = "<group>"; };
		B058835124696D2600DEF143 /* Base */ = {isa = PBXFileReference; lastKnownFileType = file.storyboard; name = Base; path = Base.lproj/LaunchScreen.storyboard; sourceTree = "<group>"; };
		C865242120B7E70F00392D48 /* IndoorMap.app */ = {isa = PBXFileReference; explicitFileType = wrapper.application; includeInIndex = 0; path = IndoorMap.app; sourceTree = BUILT_PRODUCTS_DIR; };
		C865242420B7E70F00392D48 /* AppDelegate.swift */ = {isa = PBXFileReference; lastKnownFileType = sourcecode.swift; path = AppDelegate.swift; sourceTree = "<group>"; };
		C865242620B7E70F00392D48 /* ViewController.swift */ = {isa = PBXFileReference; lastKnownFileType = sourcecode.swift; path = ViewController.swift; sourceTree = "<group>"; };
		C865242920B7E70F00392D48 /* Base */ = {isa = PBXFileReference; lastKnownFileType = file.storyboard; name = Base; path = Base.lproj/Main.storyboard; sourceTree = "<group>"; };
		C865242B20B7E71200392D48 /* Assets.xcassets */ = {isa = PBXFileReference; lastKnownFileType = folder.assetcatalog; path = Assets.xcassets; sourceTree = "<group>"; };
		C88C016923CDFC7F00043918 /* heresdk.xcframework */ = {isa = PBXFileReference; lastKnownFileType = wrapper.xcframework; path = heresdk.xcframework; sourceTree = "<group>"; };
/* End PBXFileReference section */

/* Begin PBXFrameworksBuildPhase section */
		C865241E20B7E70F00392D48 /* Frameworks */ = {
			isa = PBXFrameworksBuildPhase;
			buildActionMask = 2147483647;
			files = (
				B0DCC721246D8764006BC49A /* heresdk.xcframework in Frameworks */,
			);
			runOnlyForDeploymentPostprocessing = 0;
		};
/* End PBXFrameworksBuildPhase section */

/* Begin PBXGroup section */
		C865241820B7E70F00392D48 = {
			isa = PBXGroup;
			children = (
				C865242320B7E70F00392D48 /* IndoorMap */,
				C865242220B7E70F00392D48 /* Products */,
				C88C016823CDFC7E00043918 /* Frameworks */,
			);
			sourceTree = "<group>";
		};
		C865242220B7E70F00392D48 /* Products */ = {
			isa = PBXGroup;
			children = (
				C865242120B7E70F00392D48 /* IndoorMap.app */,
			);
			name = Products;
			sourceTree = "<group>";
		};
		C865242320B7E70F00392D48 /* IndoorMap */ = {
			isa = PBXGroup;
			children = (
				B045590C25C9854400BD2D8D /* IndoorRoutingUI.swift */,
				B045590D25C9854400BD2D8D /* IndoorRoutingUI.xib */,
				B02A919224B62C7700571C9D /* VenueTableViewCell.xib */,
				B0479B9624B5D16600EDEEEA /* VenueSearch.xib */,
				B0479B9224B5D0C400EDEEEA /* VenuesManager.swift */,
				B0479B9324B5D0C500EDEEEA /* VenueSearch.swift */,
				B058835024696D2600DEF143 /* LaunchScreen.storyboard */,
				B058833F2469624E00DEF143 /* DrawingSwitcher.xib */,
				B05883412469624E00DEF143 /* LevelSwitcher.xib */,
				B05883352469623600DEF143 /* DrawingSwitcher.swift */,
				B05883392469623600DEF143 /* DrawingSwitcherDelegate.swift */,
				B05883382469623600DEF143 /* LevelSwitcher.swift */,
				B05883362469623600DEF143 /* LevelSwitcherDelegate.swift */,
				B05883372469623600DEF143 /* VenueTapHandler.swift */,
				B058833324695ED800DEF143 /* Info.plist */,
				C865242420B7E70F00392D48 /* AppDelegate.swift */,
				C865242620B7E70F00392D48 /* ViewController.swift */,
				C865242820B7E70F00392D48 /* Main.storyboard */,
				C865242B20B7E71200392D48 /* Assets.xcassets */,
				B02A918824B60CF900571C9D /* VenuesManager.xib */,
				B02A919524B70C0400571C9D /* VenueTableViewCell.swift */,
			);
			path = IndoorMap;
			sourceTree = "<group>";
		};
		C88C016823CDFC7E00043918 /* Frameworks */ = {
			isa = PBXGroup;
			children = (
				C88C016923CDFC7F00043918 /* heresdk.xcframework */,
			);
			name = Frameworks;
			sourceTree = "<group>";
		};
/* End PBXGroup section */

/* Begin PBXNativeTarget section */
		C865242020B7E70F00392D48 /* IndoorMap */ = {
			isa = PBXNativeTarget;
			buildConfigurationList = C865243320B7E71200392D48 /* Build configuration list for PBXNativeTarget "IndoorMap" */;
			buildPhases = (
				C865241D20B7E70F00392D48 /* Sources */,
				C865241E20B7E70F00392D48 /* Frameworks */,
				C865241F20B7E70F00392D48 /* Resources */,
				C8CE86F12236C11600701A47 /* Embed Frameworks */,
			);
			buildRules = (
			);
			dependencies = (
			);
			name = IndoorMap;
			productName = IndoorMap;
			productReference = C865242120B7E70F00392D48 /* IndoorMap.app */;
			productType = "com.apple.product-type.application";
		};
/* End PBXNativeTarget section */

/* Begin PBXProject section */
		C865241920B7E70F00392D48 /* Project object */ = {
			isa = PBXProject;
			attributes = {
				LastSwiftUpdateCheck = 0930;
				LastUpgradeCheck = 0930;
				ORGANIZATIONNAME = HERE;
				TargetAttributes = {
					C865242020B7E70F00392D48 = {
						CreatedOnToolsVersion = 9.3;
						LastSwiftMigration = 1020;
						ProvisioningStyle = Automatic;
					};
				};
			};
			buildConfigurationList = C865241C20B7E70F00392D48 /* Build configuration list for PBXProject "IndoorMap" */;
			compatibilityVersion = "Xcode 8.0";
			developmentRegion = en;
			hasScannedForEncodings = 0;
			knownRegions = (
				en,
				Base,
			);
			mainGroup = C865241820B7E70F00392D48;
			productRefGroup = C865242220B7E70F00392D48 /* Products */;
			projectDirPath = "";
			projectRoot = "";
			targets = (
				C865242020B7E70F00392D48 /* IndoorMap */,
			);
		};
/* End PBXProject section */

/* Begin PBXResourcesBuildPhase section */
		C865241F20B7E70F00392D48 /* Resources */ = {
			isa = PBXResourcesBuildPhase;
			buildActionMask = 2147483647;
			files = (
				B058833124695EA400DEF143 /* Main.storyboard in Resources */,
				B05883432469624E00DEF143 /* DrawingSwitcher.xib in Resources */,
				C865242C20B7E71200392D48 /* Assets.xcassets in Resources */,
				B02A918A24B60CF900571C9D /* VenuesManager.xib in Resources */,
				B0479B9A24B5D16600EDEEEA /* VenueSearch.xib in Resources */,
				B02A919424B62C7700571C9D /* VenueTableViewCell.xib in Resources */,
				B058835224696D2600DEF143 /* LaunchScreen.storyboard in Resources */,
				B045591025C9854400BD2D8D /* IndoorRoutingUI.xib in Resources */,
				B05883442469624E00DEF143 /* LevelSwitcher.xib in Resources */,
			);
			runOnlyForDeploymentPostprocessing = 0;
		};
/* End PBXResourcesBuildPhase section */

/* Begin PBXSourcesBuildPhase section */
		C865241D20B7E70F00392D48 /* Sources */ = {
			isa = PBXSourcesBuildPhase;
			buildActionMask = 2147483647;
			files = (
				C865242720B7E70F00392D48 /* ViewController.swift in Sources */,
				B058833D2469623700DEF143 /* LevelSwitcher.swift in Sources */,
				B058833A2469623700DEF143 /* DrawingSwitcher.swift in Sources */,
				B02A919624B70C0400571C9D /* VenueTableViewCell.swift in Sources */,
				B0479B9424B5D0C500EDEEEA /* VenuesManager.swift in Sources */,
				B058833B2469623700DEF143 /* LevelSwitcherDelegate.swift in Sources */,
				C865242520B7E70F00392D48 /* AppDelegate.swift in Sources */,
				B058833C2469623700DEF143 /* VenueTapHandler.swift in Sources */,
				B0479B9524B5D0C500EDEEEA /* VenueSearch.swift in Sources */,
				B058833E2469623700DEF143 /* DrawingSwitcherDelegate.swift in Sources */,
				B045590F25C9854400BD2D8D /* IndoorRoutingUI.swift in Sources */,
			);
			runOnlyForDeploymentPostprocessing = 0;
		};
/* End PBXSourcesBuildPhase section */

/* Begin PBXVariantGroup section */
		B02A918824B60CF900571C9D /* VenuesManager.xib */ = {
			isa = PBXVariantGroup;
			children = (
				B02A918924B60CF900571C9D /* Base */,
			);
			name = VenuesManager.xib;
			sourceTree = "<group>";
		};
		B02A919224B62C7700571C9D /* VenueTableViewCell.xib */ = {
			isa = PBXVariantGroup;
			children = (
				B02A919324B62C7700571C9D /* Base */,
			);
			name = VenueTableViewCell.xib;
			sourceTree = "<group>";
		};
		B045590D25C9854400BD2D8D /* IndoorRoutingUI.xib */ = {
			isa = PBXVariantGroup;
			children = (
				B045590E25C9854400BD2D8D /* Base */,
			);
			name = IndoorRoutingUI.xib;
			sourceTree = "<group>";
		};
		B0479B9624B5D16600EDEEEA /* VenueSearch.xib */ = {
			isa = PBXVariantGroup;
			children = (
				B0479B9724B5D16600EDEEEA /* Base */,
			);
			name = VenueSearch.xib;
			sourceTree = "<group>";
		};
		B058833F2469624E00DEF143 /* DrawingSwitcher.xib */ = {
			isa = PBXVariantGroup;
			children = (
				B05883402469624E00DEF143 /* Base */,
			);
			name = DrawingSwitcher.xib;
			sourceTree = "<group>";
		};
		B05883412469624E00DEF143 /* LevelSwitcher.xib */ = {
			isa = PBXVariantGroup;
			children = (
				B05883422469624E00DEF143 /* Base */,
			);
			name = LevelSwitcher.xib;
			sourceTree = "<group>";
		};
		B058835024696D2600DEF143 /* LaunchScreen.storyboard */ = {
			isa = PBXVariantGroup;
			children = (
				B058835124696D2600DEF143 /* Base */,
			);
			name = LaunchScreen.storyboard;
			sourceTree = "<group>";
		};
		C865242820B7E70F00392D48 /* Main.storyboard */ = {
			isa = PBXVariantGroup;
			children = (
				C865242920B7E70F00392D48 /* Base */,
			);
			name = Main.storyboard;
			sourceTree = "<group>";
		};
/* End PBXVariantGroup section */

/* Begin XCBuildConfiguration section */
		C865243120B7E71200392D48 /* Debug */ = {
			isa = XCBuildConfiguration;
			buildSettings = {
				ALWAYS_SEARCH_USER_PATHS = NO;
				CLANG_ANALYZER_NONNULL = YES;
				CLANG_ANALYZER_NUMBER_OBJECT_CONVERSION = YES_AGGRESSIVE;
				CLANG_CXX_LANGUAGE_STANDARD = "gnu++14";
				CLANG_CXX_LIBRARY = "libc++";
				CLANG_ENABLE_MODULES = YES;
				CLANG_ENABLE_OBJC_ARC = YES;
				CLANG_ENABLE_OBJC_WEAK = YES;
				CLANG_WARN_BLOCK_CAPTURE_AUTORELEASING = YES;
				CLANG_WARN_BOOL_CONVERSION = YES;
				CLANG_WARN_COMMA = YES;
				CLANG_WARN_CONSTANT_CONVERSION = YES;
				CLANG_WARN_DEPRECATED_OBJC_IMPLEMENTATIONS = YES;
				CLANG_WARN_DIRECT_OBJC_ISA_USAGE = YES_ERROR;
				CLANG_WARN_DOCUMENTATION_COMMENTS = YES;
				CLANG_WARN_EMPTY_BODY = YES;
				CLANG_WARN_ENUM_CONVERSION = YES;
				CLANG_WARN_INFINITE_RECURSION = YES;
				CLANG_WARN_INT_CONVERSION = YES;
				CLANG_WARN_NON_LITERAL_NULL_CONVERSION = YES;
				CLANG_WARN_OBJC_IMPLICIT_RETAIN_SELF = YES;
				CLANG_WARN_OBJC_LITERAL_CONVERSION = YES;
				CLANG_WARN_OBJC_ROOT_CLASS = YES_ERROR;
				CLANG_WARN_RANGE_LOOP_ANALYSIS = YES;
				CLANG_WARN_STRICT_PROTOTYPES = YES;
				CLANG_WARN_SUSPICIOUS_MOVE = YES;
				CLANG_WARN_UNGUARDED_AVAILABILITY = YES_AGGRESSIVE;
				CLANG_WARN_UNREACHABLE_CODE = YES;
				CLANG_WARN__DUPLICATE_METHOD_MATCH = YES;
				CODE_SIGN_IDENTITY = "iPhone Developer";
				COPY_PHASE_STRIP = NO;
				DEBUG_INFORMATION_FORMAT = dwarf;
				ENABLE_STRICT_OBJC_MSGSEND = YES;
				ENABLE_TESTABILITY = YES;
				GCC_C_LANGUAGE_STANDARD = gnu11;
				GCC_DYNAMIC_NO_PIC = NO;
				GCC_NO_COMMON_BLOCKS = YES;
				GCC_OPTIMIZATION_LEVEL = 0;
				GCC_PREPROCESSOR_DEFINITIONS = (
					"DEBUG=1",
					"$(inherited)",
				);
				GCC_WARN_64_TO_32_BIT_CONVERSION = YES;
				GCC_WARN_ABOUT_RETURN_TYPE = YES_ERROR;
				GCC_WARN_UNDECLARED_SELECTOR = YES;
				GCC_WARN_UNINITIALIZED_AUTOS = YES_AGGRESSIVE;
				GCC_WARN_UNUSED_FUNCTION = YES;
				GCC_WARN_UNUSED_VARIABLE = YES;
				IPHONEOS_DEPLOYMENT_TARGET = 12.4;
				MTL_ENABLE_DEBUG_INFO = YES;
				ONLY_ACTIVE_ARCH = YES;
				SDKROOT = iphoneos;
				SWIFT_ACTIVE_COMPILATION_CONDITIONS = DEBUG;
				SWIFT_OPTIMIZATION_LEVEL = "-Onone";
			};
			name = Debug;
		};
		C865243220B7E71200392D48 /* Release */ = {
			isa = XCBuildConfiguration;
			buildSettings = {
				ALWAYS_SEARCH_USER_PATHS = NO;
				CLANG_ANALYZER_NONNULL = YES;
				CLANG_ANALYZER_NUMBER_OBJECT_CONVERSION = YES_AGGRESSIVE;
				CLANG_CXX_LANGUAGE_STANDARD = "gnu++14";
				CLANG_CXX_LIBRARY = "libc++";
				CLANG_ENABLE_MODULES = YES;
				CLANG_ENABLE_OBJC_ARC = YES;
				CLANG_ENABLE_OBJC_WEAK = YES;
				CLANG_WARN_BLOCK_CAPTURE_AUTORELEASING = YES;
				CLANG_WARN_BOOL_CONVERSION = YES;
				CLANG_WARN_COMMA = YES;
				CLANG_WARN_CONSTANT_CONVERSION = YES;
				CLANG_WARN_DEPRECATED_OBJC_IMPLEMENTATIONS = YES;
				CLANG_WARN_DIRECT_OBJC_ISA_USAGE = YES_ERROR;
				CLANG_WARN_DOCUMENTATION_COMMENTS = YES;
				CLANG_WARN_EMPTY_BODY = YES;
				CLANG_WARN_ENUM_CONVERSION = YES;
				CLANG_WARN_INFINITE_RECURSION = YES;
				CLANG_WARN_INT_CONVERSION = YES;
				CLANG_WARN_NON_LITERAL_NULL_CONVERSION = YES;
				CLANG_WARN_OBJC_IMPLICIT_RETAIN_SELF = YES;
				CLANG_WARN_OBJC_LITERAL_CONVERSION = YES;
				CLANG_WARN_OBJC_ROOT_CLASS = YES_ERROR;
				CLANG_WARN_RANGE_LOOP_ANALYSIS = YES;
				CLANG_WARN_STRICT_PROTOTYPES = YES;
				CLANG_WARN_SUSPICIOUS_MOVE = YES;
				CLANG_WARN_UNGUARDED_AVAILABILITY = YES_AGGRESSIVE;
				CLANG_WARN_UNREACHABLE_CODE = YES;
				CLANG_WARN__DUPLICATE_METHOD_MATCH = YES;
				CODE_SIGN_IDENTITY = "iPhone Developer";
				COPY_PHASE_STRIP = NO;
				DEBUG_INFORMATION_FORMAT = "dwarf-with-dsym";
				ENABLE_NS_ASSERTIONS = NO;
				ENABLE_STRICT_OBJC_MSGSEND = YES;
				GCC_C_LANGUAGE_STANDARD = gnu11;
				GCC_NO_COMMON_BLOCKS = YES;
				GCC_WARN_64_TO_32_BIT_CONVERSION = YES;
				GCC_WARN_ABOUT_RETURN_TYPE = YES_ERROR;
				GCC_WARN_UNDECLARED_SELECTOR = YES;
				GCC_WARN_UNINITIALIZED_AUTOS = YES_AGGRESSIVE;
				GCC_WARN_UNUSED_FUNCTION = YES;
				GCC_WARN_UNUSED_VARIABLE = YES;
				IPHONEOS_DEPLOYMENT_TARGET = 12.4;
				MTL_ENABLE_DEBUG_INFO = NO;
				SDKROOT = iphoneos;
				SWIFT_COMPILATION_MODE = wholemodule;
				SWIFT_OPTIMIZATION_LEVEL = "-O";
				VALIDATE_PRODUCT = YES;
			};
			name = Release;
		};
		C865243420B7E71200392D48 /* Debug */ = {
			isa = XCBuildConfiguration;
			buildSettings = {
				ASSETCATALOG_COMPILER_APPICON_NAME = AppIcon;
				CODE_SIGN_STYLE = Automatic;
				DEVELOPMENT_TEAM = "";
				FRAMEWORK_SEARCH_PATHS = (
					"$(inherited)",
					"$(PROJECT_DIR)",
				);
				INFOPLIST_FILE = IndoorMap/Info.plist;
				IPHONEOS_DEPLOYMENT_TARGET = 12.4;
				LD_RUNPATH_SEARCH_PATHS = (
					"$(inherited)",
					"@executable_path/Frameworks",
				);
				PRODUCT_BUNDLE_IDENTIFIER = com.here.sdk.example;
				PRODUCT_NAME = "$(TARGET_NAME)";
				SWIFT_VERSION = 5.0;
				TARGETED_DEVICE_FAMILY = "1,2";
			};
			name = Debug;
		};
		C865243520B7E71200392D48 /* Release */ = {
			isa = XCBuildConfiguration;
			buildSettings = {
				ASSETCATALOG_COMPILER_APPICON_NAME = AppIcon;
				CODE_SIGN_STYLE = Automatic;
				DEVELOPMENT_TEAM = "";
				FRAMEWORK_SEARCH_PATHS = (
					"$(inherited)",
					"$(PROJECT_DIR)",
				);
				INFOPLIST_FILE = IndoorMap/Info.plist;
				IPHONEOS_DEPLOYMENT_TARGET = 12.4;
				LD_RUNPATH_SEARCH_PATHS = (
					"$(inherited)",
					"@executable_path/Frameworks",
				);
				PRODUCT_BUNDLE_IDENTIFIER = com.here.sdk.example;
				PRODUCT_NAME = "$(TARGET_NAME)";
				SWIFT_VERSION = 5.0;
				TARGETED_DEVICE_FAMILY = "1,2";
			};
			name = Release;
		};
/* End XCBuildConfiguration section */

/* Begin XCConfigurationList section */
		C865241C20B7E70F00392D48 /* Build configuration list for PBXProject "IndoorMap" */ = {
			isa = XCConfigurationList;
			buildConfigurations = (
				C865243120B7E71200392D48 /* Debug */,
				C865243220B7E71200392D48 /* Release */,
			);
			defaultConfigurationIsVisible = 0;
			defaultConfigurationName = Release;
		};
		C865243320B7E71200392D48 /* Build configuration list for PBXNativeTarget "IndoorMap" */ = {
			isa = XCConfigurationList;
			buildConfigurations = (
				C865243420B7E71200392D48 /* Debug */,
				C865243520B7E71200392D48 /* Release */,
			);
			defaultConfigurationIsVisible = 0;
			defaultConfigurationName = Release;
		};
/* End XCConfigurationList section */
	};
	rootObject = C865241920B7E70F00392D48 /* Project object */;
}
