// !$*UTF8*$!
{
	archiveVersion = 1;
	classes = {
	};
	objectVersion = 60;
	objects = {

/* Begin PBXBuildFile section */
		83C837C02C207F360004F54E /* Assets.xcassets in Resources */ = {isa = PBXBuildFile; fileRef = 83C837BF2C207F360004F54E /* Assets.xcassets */; };
		83C837C32C207F360004F54E /* Preview Assets.xcassets in Resources */ = {isa = PBXBuildFile; fileRef = 83C837C22C207F360004F54E /* Preview Assets.xcassets */; };
		83C837CB2C20AAE50004F54E /* heresdk.xcframework in Frameworks */ = {isa = PBXBuildFile; fileRef = 83C837CA2C20AAE50004F54E /* heresdk.xcframework */; };
		83C837CC2C20AAE50004F54E /* heresdk.xcframework in Embed Frameworks */ = {isa = PBXBuildFile; fileRef = 83C837CA2C20AAE50004F54E /* heresdk.xcframework */; settings = {ATTRIBUTES = (CodeSignOnCopy, RemoveHeadersOnCopy, ); }; };
		86A261702CFEEA1300C066B9 /* OutdoorRasterLayer.swift in Sources */ = {isa = PBXBuildFile; fileRef = 86A2616F2CFEEA1100C066B9 /* OutdoorRasterLayer.swift */; };
		86A261772CFEEA7A00C066B9 /* LocationFilterStrategy.swift in Sources */ = {isa = PBXBuildFile; fileRef = 86A261762CFEEA7800C066B9 /* LocationFilterStrategy.swift */; };
		86A2617C2CFEEAE400C066B9 /* HikingDiaryExample.swift in Sources */ = {isa = PBXBuildFile; fileRef = 86A2617B2CFEEAE200C066B9 /* HikingDiaryExample.swift */; };
		86A2617E2CFEEAF700C066B9 /* HikingDiaryApp.swift in Sources */ = {isa = PBXBuildFile; fileRef = 86A2617D2CFEEAF600C066B9 /* HikingDiaryApp.swift */; };
		86A261802CFEEB0800C066B9 /* HEREPositioningVisualizer.swift in Sources */ = {isa = PBXBuildFile; fileRef = 86A2617F2CFEEB0700C066B9 /* HEREPositioningVisualizer.swift */; };
		86A261822CFEEB1E00C066B9 /* HEREPositioningSimulator.swift in Sources */ = {isa = PBXBuildFile; fileRef = 86A261812CFEEB1C00C066B9 /* HEREPositioningSimulator.swift */; };
		86A261842CFEEB3000C066B9 /* HEREPositioningProvider.swift in Sources */ = {isa = PBXBuildFile; fileRef = 86A261832CFEEB2F00C066B9 /* HEREPositioningProvider.swift */; };
		86A261862CFEEB4300C066B9 /* GPXManager.swift in Sources */ = {isa = PBXBuildFile; fileRef = 86A261852CFEEB4000C066B9 /* GPXManager.swift */; };
		86A261882CFEEB5100C066B9 /* CustomViews.swift in Sources */ = {isa = PBXBuildFile; fileRef = 86A261872CFEEB4F00C066B9 /* CustomViews.swift */; };
		86A2618A2CFEEB6000C066B9 /* CustomMenuView.swift in Sources */ = {isa = PBXBuildFile; fileRef = 86A261892CFEEB5E00C066B9 /* CustomMenuView.swift */; };
		86A2618C2CFEEB6E00C066B9 /* ContentView.swift in Sources */ = {isa = PBXBuildFile; fileRef = 86A2618B2CFEEB6C00C066B9 /* ContentView.swift */; };
/* End PBXBuildFile section */

/* Begin PBXCopyFilesBuildPhase section */
		83C837CD2C20AAE50004F54E /* Embed Frameworks */ = {
			isa = PBXCopyFilesBuildPhase;
			buildActionMask = 2147483647;
			dstPath = "";
			dstSubfolderSpec = 10;
			files = (
				83C837CC2C20AAE50004F54E /* heresdk.xcframework in Embed Frameworks */,
			);
			name = "Embed Frameworks";
			runOnlyForDeploymentPostprocessing = 0;
		};
/* End PBXCopyFilesBuildPhase section */

/* Begin PBXFileReference section */
		83C837B82C207F340004F54E /* HikingDiary.app */ = {isa = PBXFileReference; explicitFileType = wrapper.application; includeInIndex = 0; path = HikingDiary.app; sourceTree = BUILT_PRODUCTS_DIR; };
		83C837BF2C207F360004F54E /* Assets.xcassets */ = {isa = PBXFileReference; lastKnownFileType = folder.assetcatalog; path = Assets.xcassets; sourceTree = "<group>"; };
		83C837C22C207F360004F54E /* Preview Assets.xcassets */ = {isa = PBXFileReference; lastKnownFileType = folder.assetcatalog; path = "Preview Assets.xcassets"; sourceTree = "<group>"; };
		83C837CA2C20AAE50004F54E /* heresdk.xcframework */ = {isa = PBXFileReference; lastKnownFileType = wrapper.xcframework; path = heresdk.xcframework; sourceTree = "<group>"; };
		8639ECD12CDA9517005FD0A3 /* Info.plist */ = {isa = PBXFileReference; lastKnownFileType = text.plist; path = Info.plist; sourceTree = "<group>"; };
		86A2616F2CFEEA1100C066B9 /* OutdoorRasterLayer.swift */ = {isa = PBXFileReference; lastKnownFileType = sourcecode.swift; path = OutdoorRasterLayer.swift; sourceTree = "<group>"; };
		86A261762CFEEA7800C066B9 /* LocationFilterStrategy.swift */ = {isa = PBXFileReference; lastKnownFileType = sourcecode.swift; path = LocationFilterStrategy.swift; sourceTree = "<group>"; };
		86A2617B2CFEEAE200C066B9 /* HikingDiaryExample.swift */ = {isa = PBXFileReference; lastKnownFileType = sourcecode.swift; path = HikingDiaryExample.swift; sourceTree = "<group>"; };
		86A2617D2CFEEAF600C066B9 /* HikingDiaryApp.swift */ = {isa = PBXFileReference; lastKnownFileType = sourcecode.swift; path = HikingDiaryApp.swift; sourceTree = "<group>"; };
		86A2617F2CFEEB0700C066B9 /* HEREPositioningVisualizer.swift */ = {isa = PBXFileReference; lastKnownFileType = sourcecode.swift; path = HEREPositioningVisualizer.swift; sourceTree = "<group>"; };
		86A261812CFEEB1C00C066B9 /* HEREPositioningSimulator.swift */ = {isa = PBXFileReference; lastKnownFileType = sourcecode.swift; path = HEREPositioningSimulator.swift; sourceTree = "<group>"; };
		86A261832CFEEB2F00C066B9 /* HEREPositioningProvider.swift */ = {isa = PBXFileReference; lastKnownFileType = sourcecode.swift; path = HEREPositioningProvider.swift; sourceTree = "<group>"; };
		86A261852CFEEB4000C066B9 /* GPXManager.swift */ = {isa = PBXFileReference; lastKnownFileType = sourcecode.swift; path = GPXManager.swift; sourceTree = "<group>"; };
		86A261872CFEEB4F00C066B9 /* CustomViews.swift */ = {isa = PBXFileReference; lastKnownFileType = sourcecode.swift; path = CustomViews.swift; sourceTree = "<group>"; };
		86A261892CFEEB5E00C066B9 /* CustomMenuView.swift */ = {isa = PBXFileReference; lastKnownFileType = sourcecode.swift; path = CustomMenuView.swift; sourceTree = "<group>"; };
		86A2618B2CFEEB6C00C066B9 /* ContentView.swift */ = {isa = PBXFileReference; lastKnownFileType = sourcecode.swift; path = ContentView.swift; sourceTree = "<group>"; };
/* End PBXFileReference section */

/* Begin PBXFrameworksBuildPhase section */
		83C837B52C207F340004F54E /* Frameworks */ = {
			isa = PBXFrameworksBuildPhase;
			buildActionMask = 2147483647;
			files = (
				83C837CB2C20AAE50004F54E /* heresdk.xcframework in Frameworks */,
			);
			runOnlyForDeploymentPostprocessing = 0;
		};
/* End PBXFrameworksBuildPhase section */

/* Begin PBXGroup section */
		83C837AF2C207F340004F54E = {
			isa = PBXGroup;
			children = (
				83C837BA2C207F340004F54E /* HikingDiary */,
				83C837B92C207F340004F54E /* Products */,
				83C837C92C20AAE50004F54E /* Frameworks */,
			);
			sourceTree = "<group>";
		};
		83C837B92C207F340004F54E /* Products */ = {
			isa = PBXGroup;
			children = (
				83C837B82C207F340004F54E /* HikingDiary.app */,
			);
			name = Products;
			sourceTree = "<group>";
		};
		83C837BA2C207F340004F54E /* HikingDiary */ = {
			isa = PBXGroup;
			children = (
				86A2618B2CFEEB6C00C066B9 /* ContentView.swift */,
				86A261892CFEEB5E00C066B9 /* CustomMenuView.swift */,
				86A261872CFEEB4F00C066B9 /* CustomViews.swift */,
				86A261852CFEEB4000C066B9 /* GPXManager.swift */,
				86A261832CFEEB2F00C066B9 /* HEREPositioningProvider.swift */,
				86A261812CFEEB1C00C066B9 /* HEREPositioningSimulator.swift */,
				86A2617F2CFEEB0700C066B9 /* HEREPositioningVisualizer.swift */,
				86A2617D2CFEEAF600C066B9 /* HikingDiaryApp.swift */,
				86A2617B2CFEEAE200C066B9 /* HikingDiaryExample.swift */,
				86A261762CFEEA7800C066B9 /* LocationFilterStrategy.swift */,
				86A2616F2CFEEA1100C066B9 /* OutdoorRasterLayer.swift */,
				8639ECD12CDA9517005FD0A3 /* Info.plist */,
				83C837BF2C207F360004F54E /* Assets.xcassets */,
				83C837C12C207F360004F54E /* Preview Content */,
			);
			path = HikingDiary;
			sourceTree = "<group>";
		};
		83C837C12C207F360004F54E /* Preview Content */ = {
			isa = PBXGroup;
			children = (
				83C837C22C207F360004F54E /* Preview Assets.xcassets */,
			);
			path = "Preview Content";
			sourceTree = "<group>";
		};
		83C837C92C20AAE50004F54E /* Frameworks */ = {
			isa = PBXGroup;
			children = (
				83C837CA2C20AAE50004F54E /* heresdk.xcframework */,
			);
			name = Frameworks;
			sourceTree = "<group>";
		};
/* End PBXGroup section */

/* Begin PBXNativeTarget section */
		83C837B72C207F340004F54E /* HikingDiary */ = {
			isa = PBXNativeTarget;
			buildConfigurationList = 83C837C62C207F360004F54E /* Build configuration list for PBXNativeTarget "HikingDiary" */;
			buildPhases = (
				83C837B42C207F340004F54E /* Sources */,
				83C837B52C207F340004F54E /* Frameworks */,
				83C837B62C207F340004F54E /* Resources */,
				83C837CD2C20AAE50004F54E /* Embed Frameworks */,
			);
			buildRules = (
			);
			dependencies = (
			);
			name = HikingDiary;
			productName = HikingDiary;
			productReference = 83C837B82C207F340004F54E /* HikingDiary.app */;
			productType = "com.apple.product-type.application";
		};
/* End PBXNativeTarget section */

/* Begin PBXProject section */
		83C837B02C207F340004F54E /* Project object */ = {
			isa = PBXProject;
			attributes = {
				BuildIndependentTargetsInParallel = 1;
				LastSwiftUpdateCheck = 1500;
				LastUpgradeCheck = 1500;
				TargetAttributes = {
					83C837B72C207F340004F54E = {
						CreatedOnToolsVersion = 15.0.1;
						LastSwiftMigration = 1610;
					};
				};
			};
			buildConfigurationList = 83C837B32C207F340004F54E /* Build configuration list for PBXProject "HikingDiary" */;
			compatibilityVersion = "Xcode 14.0";
			developmentRegion = en;
			hasScannedForEncodings = 0;
			knownRegions = (
				en,
				Base,
			);
			mainGroup = 83C837AF2C207F340004F54E;
			productRefGroup = 83C837B92C207F340004F54E /* Products */;
			projectDirPath = "";
			projectRoot = "";
			targets = (
				83C837B72C207F340004F54E /* HikingDiary */,
			);
		};
/* End PBXProject section */

/* Begin PBXResourcesBuildPhase section */
		83C837B62C207F340004F54E /* Resources */ = {
			isa = PBXResourcesBuildPhase;
			buildActionMask = 2147483647;
			files = (
				83C837C32C207F360004F54E /* Preview Assets.xcassets in Resources */,
				83C837C02C207F360004F54E /* Assets.xcassets in Resources */,
			);
			runOnlyForDeploymentPostprocessing = 0;
		};
/* End PBXResourcesBuildPhase section */

/* Begin PBXSourcesBuildPhase section */
		83C837B42C207F340004F54E /* Sources */ = {
			isa = PBXSourcesBuildPhase;
			buildActionMask = 2147483647;
			files = (
				86A261882CFEEB5100C066B9 /* CustomViews.swift in Sources */,
				86A2618C2CFEEB6E00C066B9 /* ContentView.swift in Sources */,
				86A2617C2CFEEAE400C066B9 /* HikingDiaryExample.swift in Sources */,
				86A261702CFEEA1300C066B9 /* OutdoorRasterLayer.swift in Sources */,
				86A261822CFEEB1E00C066B9 /* HEREPositioningSimulator.swift in Sources */,
				86A2618A2CFEEB6000C066B9 /* CustomMenuView.swift in Sources */,
				86A261842CFEEB3000C066B9 /* HEREPositioningProvider.swift in Sources */,
				86A261772CFEEA7A00C066B9 /* LocationFilterStrategy.swift in Sources */,
				86A261862CFEEB4300C066B9 /* GPXManager.swift in Sources */,
				86A261802CFEEB0800C066B9 /* HEREPositioningVisualizer.swift in Sources */,
				86A2617E2CFEEAF700C066B9 /* HikingDiaryApp.swift in Sources */,
			);
			runOnlyForDeploymentPostprocessing = 0;
		};
/* End PBXSourcesBuildPhase section */

/* Begin XCBuildConfiguration section */
		83C837C42C207F360004F54E /* Debug */ = {
			isa = XCBuildConfiguration;
			buildSettings = {
				ALWAYS_SEARCH_USER_PATHS = NO;
				ASSETCATALOG_COMPILER_GENERATE_SWIFT_ASSET_SYMBOL_EXTENSIONS = YES;
				CLANG_ANALYZER_NONNULL = YES;
				CLANG_ANALYZER_NUMBER_OBJECT_CONVERSION = YES_AGGRESSIVE;
				CLANG_CXX_LANGUAGE_STANDARD = "gnu++20";
				CLANG_ENABLE_MODULES = YES;
				CLANG_ENABLE_OBJC_ARC = YES;
				CLANG_ENABLE_OBJC_WEAK = YES;
				CLANG_WARN_BLOCK_CAPTURE_AUTORELEASING = YES;
				CLANG_WARN_BOOL_CONVERSION = YES;
				CLANG_WARN_COMMA = YES;
				CLANG_WARN_CONSTANT_CONVERSION = YES;
				CLANG_WARN_DEPRECATED_OBJC_IMPLEMENTATIONS = YES;
				CLANG_WARN_DIRECT_OBJC_ISA_USAGE = YES_ERROR;
				CLANG_WARN_DOCUMENTATION_COMMENTS = YES;
				CLANG_WARN_EMPTY_BODY = YES;
				CLANG_WARN_ENUM_CONVERSION = YES;
				CLANG_WARN_INFINITE_RECURSION = YES;
				CLANG_WARN_INT_CONVERSION = YES;
				CLANG_WARN_NON_LITERAL_NULL_CONVERSION = YES;
				CLANG_WARN_OBJC_IMPLICIT_RETAIN_SELF = YES;
				CLANG_WARN_OBJC_LITERAL_CONVERSION = YES;
				CLANG_WARN_OBJC_ROOT_CLASS = YES_ERROR;
				CLANG_WARN_QUOTED_INCLUDE_IN_FRAMEWORK_HEADER = YES;
				CLANG_WARN_RANGE_LOOP_ANALYSIS = YES;
				CLANG_WARN_STRICT_PROTOTYPES = YES;
				CLANG_WARN_SUSPICIOUS_MOVE = YES;
				CLANG_WARN_UNGUARDED_AVAILABILITY = YES_AGGRESSIVE;
				CLANG_WARN_UNREACHABLE_CODE = YES;
				CLANG_WARN__DUPLICATE_METHOD_MATCH = YES;
				COPY_PHASE_STRIP = NO;
				DEBUG_INFORMATION_FORMAT = dwarf;
				ENABLE_STRICT_OBJC_MSGSEND = YES;
				ENABLE_TESTABILITY = YES;
				ENABLE_USER_SCRIPT_SANDBOXING = YES;
				GCC_C_LANGUAGE_STANDARD = gnu17;
				GCC_DYNAMIC_NO_PIC = NO;
				GCC_NO_COMMON_BLOCKS = YES;
				GCC_OPTIMIZATION_LEVEL = 0;
				GCC_PREPROCESSOR_DEFINITIONS = (
					"DEBUG=1",
					"$(inherited)",
				);
				GCC_WARN_64_TO_32_BIT_CONVERSION = YES;
				GCC_WARN_ABOUT_RETURN_TYPE = YES_ERROR;
				GCC_WARN_UNDECLARED_SELECTOR = YES;
				GCC_WARN_UNINITIALIZED_AUTOS = YES_AGGRESSIVE;
				GCC_WARN_UNUSED_FUNCTION = YES;
				GCC_WARN_UNUSED_VARIABLE = YES;
				IPHONEOS_DEPLOYMENT_TARGET = 16.0;
				LOCALIZATION_PREFERS_STRING_CATALOGS = YES;
				MTL_ENABLE_DEBUG_INFO = INCLUDE_SOURCE;
				MTL_FAST_MATH = YES;
				ONLY_ACTIVE_ARCH = YES;
				SDKROOT = iphoneos;
				SWIFT_ACTIVE_COMPILATION_CONDITIONS = "DEBUG $(inherited)";
				SWIFT_OPTIMIZATION_LEVEL = "-Onone";
			};
			name = Debug;
		};
		83C837C52C207F360004F54E /* Release */ = {
			isa = XCBuildConfiguration;
			buildSettings = {
				ALWAYS_SEARCH_USER_PATHS = NO;
				ASSETCATALOG_COMPILER_GENERATE_SWIFT_ASSET_SYMBOL_EXTENSIONS = YES;
				CLANG_ANALYZER_NONNULL = YES;
				CLANG_ANALYZER_NUMBER_OBJECT_CONVERSION = YES_AGGRESSIVE;
				CLANG_CXX_LANGUAGE_STANDARD = "gnu++20";
				CLANG_ENABLE_MODULES = YES;
				CLANG_ENABLE_OBJC_ARC = YES;
				CLANG_ENABLE_OBJC_WEAK = YES;
				CLANG_WARN_BLOCK_CAPTURE_AUTORELEASING = YES;
				CLANG_WARN_BOOL_CONVERSION = YES;
				CLANG_WARN_COMMA = YES;
				CLANG_WARN_CONSTANT_CONVERSION = YES;
				CLANG_WARN_DEPRECATED_OBJC_IMPLEMENTATIONS = YES;
				CLANG_WARN_DIRECT_OBJC_ISA_USAGE = YES_ERROR;
				CLANG_WARN_DOCUMENTATION_COMMENTS = YES;
				CLANG_WARN_EMPTY_BODY = YES;
				CLANG_WARN_ENUM_CONVERSION = YES;
				CLANG_WARN_INFINITE_RECURSION = YES;
				CLANG_WARN_INT_CONVERSION = YES;
				CLANG_WARN_NON_LITERAL_NULL_CONVERSION = YES;
				CLANG_WARN_OBJC_IMPLICIT_RETAIN_SELF = YES;
				CLANG_WARN_OBJC_LITERAL_CONVERSION = YES;
				CLANG_WARN_OBJC_ROOT_CLASS = YES_ERROR;
				CLANG_WARN_QUOTED_INCLUDE_IN_FRAMEWORK_HEADER = YES;
				CLANG_WARN_RANGE_LOOP_ANALYSIS = YES;
				CLANG_WARN_STRICT_PROTOTYPES = YES;
				CLANG_WARN_SUSPICIOUS_MOVE = YES;
				CLANG_WARN_UNGUARDED_AVAILABILITY = YES_AGGRESSIVE;
				CLANG_WARN_UNREACHABLE_CODE = YES;
				CLANG_WARN__DUPLICATE_METHOD_MATCH = YES;
				COPY_PHASE_STRIP = NO;
				DEBUG_INFORMATION_FORMAT = "dwarf-with-dsym";
				ENABLE_NS_ASSERTIONS = NO;
				ENABLE_STRICT_OBJC_MSGSEND = YES;
				ENABLE_USER_SCRIPT_SANDBOXING = YES;
				GCC_C_LANGUAGE_STANDARD = gnu17;
				GCC_NO_COMMON_BLOCKS = YES;
				GCC_WARN_64_TO_32_BIT_CONVERSION = YES;
				GCC_WARN_ABOUT_RETURN_TYPE = YES_ERROR;
				GCC_WARN_UNDECLARED_SELECTOR = YES;
				GCC_WARN_UNINITIALIZED_AUTOS = YES_AGGRESSIVE;
				GCC_WARN_UNUSED_FUNCTION = YES;
				GCC_WARN_UNUSED_VARIABLE = YES;
				IPHONEOS_DEPLOYMENT_TARGET = 16.0;
				LOCALIZATION_PREFERS_STRING_CATALOGS = YES;
				MTL_ENABLE_DEBUG_INFO = NO;
				MTL_FAST_MATH = YES;
				SDKROOT = iphoneos;
				SWIFT_COMPILATION_MODE = wholemodule;
				VALIDATE_PRODUCT = YES;
			};
			name = Release;
		};
		83C837C72C207F360004F54E /* Debug */ = {
			isa = XCBuildConfiguration;
			buildSettings = {
				ASSETCATALOG_COMPILER_APPICON_NAME = AppIcon;
				ASSETCATALOG_COMPILER_GLOBAL_ACCENT_COLOR_NAME = AccentColor;
				CLANG_ENABLE_MODULES = YES;
				CODE_SIGN_STYLE = Automatic;
				CURRENT_PROJECT_VERSION = 1;
				DEVELOPMENT_ASSET_PATHS = "\"HikingDiary/Preview Content\"";
				DEVELOPMENT_TEAM = "";
				ENABLE_PREVIEWS = YES;
				GENERATE_INFOPLIST_FILE = YES;
				INFOPLIST_FILE = HikingDiary/Info.plist;
				INFOPLIST_KEY_UIApplicationSceneManifest_Generation = YES;
				INFOPLIST_KEY_UIApplicationSupportsIndirectInputEvents = YES;
				INFOPLIST_KEY_UILaunchScreen_Generation = YES;
				INFOPLIST_KEY_UISupportedInterfaceOrientations_iPad = "UIInterfaceOrientationPortrait UIInterfaceOrientationPortraitUpsideDown UIInterfaceOrientationLandscapeLeft UIInterfaceOrientationLandscapeRight";
				INFOPLIST_KEY_UISupportedInterfaceOrientations_iPhone = "UIInterfaceOrientationPortrait UIInterfaceOrientationLandscapeLeft UIInterfaceOrientationLandscapeRight";
				LD_RUNPATH_SEARCH_PATHS = (
					"$(inherited)",
					"@executable_path/Frameworks",
				);
				MARKETING_VERSION = 1.0;
				PRODUCT_BUNDLE_IDENTIFIER = com.here.sdk.examples;
				PRODUCT_NAME = "$(TARGET_NAME)";
				SWIFT_EMIT_LOC_STRINGS = YES;
				SWIFT_OPTIMIZATION_LEVEL = "-Onone";
				SWIFT_VERSION = 5.0;
				TARGETED_DEVICE_FAMILY = "1,2";
			};
			name = Debug;
		};
		83C837C82C207F360004F54E /* Release */ = {
			isa = XCBuildConfiguration;
			buildSettings = {
				ASSETCATALOG_COMPILER_APPICON_NAME = AppIcon;
				ASSETCATALOG_COMPILER_GLOBAL_ACCENT_COLOR_NAME = AccentColor;
				CLANG_ENABLE_MODULES = YES;
				CODE_SIGN_STYLE = Automatic;
				CURRENT_PROJECT_VERSION = 1;
				DEVELOPMENT_ASSET_PATHS = "\"HikingDiary/Preview Content\"";
				DEVELOPMENT_TEAM = "";
				ENABLE_PREVIEWS = YES;
				GENERATE_INFOPLIST_FILE = YES;
				INFOPLIST_FILE = HikingDiary/Info.plist;
				INFOPLIST_KEY_UIApplicationSceneManifest_Generation = YES;
				INFOPLIST_KEY_UIApplicationSupportsIndirectInputEvents = YES;
				INFOPLIST_KEY_UILaunchScreen_Generation = YES;
				INFOPLIST_KEY_UISupportedInterfaceOrientations_iPad = "UIInterfaceOrientationPortrait UIInterfaceOrientationPortraitUpsideDown UIInterfaceOrientationLandscapeLeft UIInterfaceOrientationLandscapeRight";
				INFOPLIST_KEY_UISupportedInterfaceOrientations_iPhone = "UIInterfaceOrientationPortrait UIInterfaceOrientationLandscapeLeft UIInterfaceOrientationLandscapeRight";
				LD_RUNPATH_SEARCH_PATHS = (
					"$(inherited)",
					"@executable_path/Frameworks",
				);
				MARKETING_VERSION = 1.0;
				PRODUCT_BUNDLE_IDENTIFIER = com.here.sdk.examples;
				PRODUCT_NAME = "$(TARGET_NAME)";
				SWIFT_EMIT_LOC_STRINGS = YES;
				SWIFT_VERSION = 5.0;
				TARGETED_DEVICE_FAMILY = "1,2";
			};
			name = Release;
		};
/* End XCBuildConfiguration section */

/* Begin XCConfigurationList section */
		83C837B32C207F340004F54E /* Build configuration list for PBXProject "HikingDiary" */ = {
			isa = XCConfigurationList;
			buildConfigurations = (
				83C837C42C207F360004F54E /* Debug */,
				83C837C52C207F360004F54E /* Release */,
			);
			defaultConfigurationIsVisible = 0;
			defaultConfigurationName = Release;
		};
		83C837C62C207F360004F54E /* Build configuration list for PBXNativeTarget "HikingDiary" */ = {
			isa = XCConfigurationList;
			buildConfigurations = (
				83C837C72C207F360004F54E /* Debug */,
				83C837C82C207F360004F54E /* Release */,
			);
			defaultConfigurationIsVisible = 0;
			defaultConfigurationName = Release;
		};
/* End XCConfigurationList section */
	};
	rootObject = 83C837B02C207F340004F54E /* Project object */;
}
